// !$*UTF8*$!
{
	archiveVersion = 1;
	classes = {
	};
	objectVersion = 52;
	objects = {

/* Begin PBXBuildFile section */
		02D950C10327393FB2B5BB7E /* ImageProcessing.swift in Sources */ = {isa = PBXBuildFile; fileRef = F76507F3A1E2222FB64D7F31 /* ImageProcessing.swift */; };
		14C13B18A26BC44F834915C1 /* ContactModelTests.swift in Sources */ = {isa = PBXBuildFile; fileRef = B75D02267D3BC6C014143329 /* ContactModelTests.swift */; };
		14E0C9EBEF8212F3F9B2777D /* Contact.swift in Sources */ = {isa = PBXBuildFile; fileRef = F51E6728EF90B1D2BF8EA5AE /* Contact.swift */; };
		15AD8E34CC4EF4BC81F8A159 /* ContactDetailView.swift in Sources */ = {isa = PBXBuildFile; fileRef = 73D22E8B17D14280F44AB0B2 /* ContactDetailView.swift */; };
		23BF1F338E4C813308B5DEE2 /* ContactField.swift in Sources */ = {isa = PBXBuildFile; fileRef = B25751DDEC1515E341AF67F5 /* ContactField.swift */; };
		465C6AF22F5A45925B879752 /* AvatarView.swift in Sources */ = {isa = PBXBuildFile; fileRef = 2A7B150B6DB35B8EF10D2135 /* AvatarView.swift */; };
		4EC36757044377406665E53B /* ContactListView.swift in Sources */ = {isa = PBXBuildFile; fileRef = 08E2EBA5EFDEE6888B84E10B /* ContactListView.swift */; };
		61F22EEDEE6075BD602203D5 /* VCardDocument.swift in Sources */ = {isa = PBXBuildFile; fileRef = 2D13D7A4D4AF6172FA6E89AB /* VCardDocument.swift */; };
		6BF479700A4101F1353CBF78 /* ContactQuery.swift in Sources */ = {isa = PBXBuildFile; fileRef = 0B27567532AC1A51FF4CC13A /* ContactQuery.swift */; };
		6DDC44CAA558E1DB276460CF /* ContentView.swift in Sources */ = {isa = PBXBuildFile; fileRef = 833F1AF82CACF7B9E89BADCA /* ContentView.swift */; };
		7755029B0E36200BB139ECFA /* VCardTests.swift in Sources */ = {isa = PBXBuildFile; fileRef = 7E7D5B554122CF852B0D825C /* VCardTests.swift */; };
		7F3D3F509379FD171AEC3606 /* Images.xcassets in Resources */ = {isa = PBXBuildFile; fileRef = DEAB729518FA2A6600E3570B /* Images.xcassets */; };
		9506DFC07D9490AEDFB096EC /* ImageProcessingTests.swift in Sources */ = {isa = PBXBuildFile; fileRef = 5588D3AA3B4B31F1094D954F /* ImageProcessingTests.swift */; };
		97E98BCB6784672DCB8C1625 /* VCard.swift in Sources */ = {isa = PBXBuildFile; fileRef = A7276D515CA167FBF4C47299 /* VCard.swift */; };
		A94AB327927F2F1FBBD81119 /* ContactGroup.swift in Sources */ = {isa = PBXBuildFile; fileRef = FAFE362455F20C848F729EEE /* ContactGroup.swift */; };
		C2A11D686722C70868435ACE /* SidebarView.swift in Sources */ = {isa = PBXBuildFile; fileRef = 6303A7F66E428BF3662142C0 /* SidebarView.swift */; };
		DED8178E13A452A900EC3234 /* Cocoa.framework in Frameworks */ = {isa = PBXBuildFile; fileRef = DED8178D13A452A900EC3234 /* Cocoa.framework */; };
		DED817AB13A452AA00EC3234 /* Cocoa.framework in Frameworks */ = {isa = PBXBuildFile; fileRef = DED8178D13A452A900EC3234 /* Cocoa.framework */; };
		E5EB465B5CE3964197D29ADF /* SampleData.swift in Sources */ = {isa = PBXBuildFile; fileRef = 0F82C8A388E97CC4F1106176 /* SampleData.swift */; };
		FA702A2E92FAC86D4587641B /* ContactManagerApp.swift in Sources */ = {isa = PBXBuildFile; fileRef = EBDDA2A3FA3C7375D63CFC55 /* ContactManagerApp.swift */; };
/* End PBXBuildFile section */

/* Begin PBXContainerItemProxy section */
		DED817AC13A452AA00EC3234 /* PBXContainerItemProxy */ = {
			isa = PBXContainerItemProxy;
			containerPortal = DED8178013A452A900EC3234 /* Project object */;
			proxyType = 1;
			remoteGlobalIDString = DED8178813A452A900EC3234;
			remoteInfo = ContactManager;
		};
/* End PBXContainerItemProxy section */

/* Begin PBXFileReference section */
		08E2EBA5EFDEE6888B84E10B /* ContactListView.swift */ = {isa = PBXFileReference; includeInIndex = 1; lastKnownFileType = sourcecode.swift; path = ContactListView.swift; sourceTree = "<group>"; };
		0B27567532AC1A51FF4CC13A /* ContactQuery.swift */ = {isa = PBXFileReference; includeInIndex = 1; lastKnownFileType = sourcecode.swift; path = ContactQuery.swift; sourceTree = "<group>"; };
		0F82C8A388E97CC4F1106176 /* SampleData.swift */ = {isa = PBXFileReference; includeInIndex = 1; lastKnownFileType = sourcecode.swift; path = SampleData.swift; sourceTree = "<group>"; };
		2A7B150B6DB35B8EF10D2135 /* AvatarView.swift */ = {isa = PBXFileReference; includeInIndex = 1; lastKnownFileType = sourcecode.swift; path = AvatarView.swift; sourceTree = "<group>"; };
		2D13D7A4D4AF6172FA6E89AB /* VCardDocument.swift */ = {isa = PBXFileReference; includeInIndex = 1; lastKnownFileType = sourcecode.swift; path = VCardDocument.swift; sourceTree = "<group>"; };
		5588D3AA3B4B31F1094D954F /* ImageProcessingTests.swift */ = {isa = PBXFileReference; includeInIndex = 1; lastKnownFileType = sourcecode.swift; path = ImageProcessingTests.swift; sourceTree = "<group>"; };
		6303A7F66E428BF3662142C0 /* SidebarView.swift */ = {isa = PBXFileReference; includeInIndex = 1; lastKnownFileType = sourcecode.swift; path = SidebarView.swift; sourceTree = "<group>"; };
		73D22E8B17D14280F44AB0B2 /* ContactDetailView.swift */ = {isa = PBXFileReference; includeInIndex = 1; lastKnownFileType = sourcecode.swift; path = ContactDetailView.swift; sourceTree = "<group>"; };
		7E7D5B554122CF852B0D825C /* VCardTests.swift */ = {isa = PBXFileReference; includeInIndex = 1; lastKnownFileType = sourcecode.swift; path = VCardTests.swift; sourceTree = "<group>"; };
		833F1AF82CACF7B9E89BADCA /* ContentView.swift */ = {isa = PBXFileReference; includeInIndex = 1; lastKnownFileType = sourcecode.swift; path = ContentView.swift; sourceTree = "<group>"; };
		A7276D515CA167FBF4C47299 /* VCard.swift */ = {isa = PBXFileReference; includeInIndex = 1; lastKnownFileType = sourcecode.swift; path = VCard.swift; sourceTree = "<group>"; };
		B25751DDEC1515E341AF67F5 /* ContactField.swift */ = {isa = PBXFileReference; includeInIndex = 1; lastKnownFileType = sourcecode.swift; path = ContactField.swift; sourceTree = "<group>"; };
		B75D02267D3BC6C014143329 /* ContactModelTests.swift */ = {isa = PBXFileReference; includeInIndex = 1; lastKnownFileType = sourcecode.swift; path = ContactModelTests.swift; sourceTree = "<group>"; };
		DEAB729518FA2A6600E3570B /* Images.xcassets */ = {isa = PBXFileReference; lastKnownFileType = folder.assetcatalog; path = Images.xcassets; sourceTree = "<group>"; };
		DED8178913A452A900EC3234 /* ContactManager.app */ = {isa = PBXFileReference; explicitFileType = wrapper.application; includeInIndex = 0; path = ContactManager.app; sourceTree = BUILT_PRODUCTS_DIR; };
		DED8178D13A452A900EC3234 /* Cocoa.framework */ = {isa = PBXFileReference; lastKnownFileType = wrapper.framework; name = Cocoa.framework; path = System/Library/Frameworks/Cocoa.framework; sourceTree = SDKROOT; };
		DED8179013A452AA00EC3234 /* AppKit.framework */ = {isa = PBXFileReference; lastKnownFileType = wrapper.framework; name = AppKit.framework; path = System/Library/Frameworks/AppKit.framework; sourceTree = SDKROOT; };
		DED8179113A452AA00EC3234 /* CoreData.framework */ = {isa = PBXFileReference; lastKnownFileType = wrapper.framework; name = CoreData.framework; path = System/Library/Frameworks/CoreData.framework; sourceTree = SDKROOT; };
		DED8179213A452AA00EC3234 /* Foundation.framework */ = {isa = PBXFileReference; lastKnownFileType = wrapper.framework; name = Foundation.framework; path = System/Library/Frameworks/Foundation.framework; sourceTree = SDKROOT; };
		DED817AA13A452AA00EC3234 /* ContactManagerTests.xctest */ = {isa = PBXFileReference; explicitFileType = wrapper.cfbundle; includeInIndex = 0; path = ContactManagerTests.xctest; sourceTree = BUILT_PRODUCTS_DIR; };
		DEFCA6D1259AAB9C00DB0749 /* SharedSettings.xcconfig */ = {isa = PBXFileReference; lastKnownFileType = text.xcconfig; path = SharedSettings.xcconfig; sourceTree = "<group>"; };
		EBDDA2A3FA3C7375D63CFC55 /* ContactManagerApp.swift */ = {isa = PBXFileReference; includeInIndex = 1; lastKnownFileType = sourcecode.swift; path = ContactManagerApp.swift; sourceTree = "<group>"; };
		F51E6728EF90B1D2BF8EA5AE /* Contact.swift */ = {isa = PBXFileReference; includeInIndex = 1; lastKnownFileType = sourcecode.swift; path = Contact.swift; sourceTree = "<group>"; };
		F76507F3A1E2222FB64D7F31 /* ImageProcessing.swift */ = {isa = PBXFileReference; includeInIndex = 1; lastKnownFileType = sourcecode.swift; path = ImageProcessing.swift; sourceTree = "<group>"; };
		FAFE362455F20C848F729EEE /* ContactGroup.swift */ = {isa = PBXFileReference; includeInIndex = 1; lastKnownFileType = sourcecode.swift; path = ContactGroup.swift; sourceTree = "<group>"; };
/* End PBXFileReference section */

/* Begin PBXFrameworksBuildPhase section */
		DED8178613A452A900EC3234 /* Frameworks */ = {
			isa = PBXFrameworksBuildPhase;
			buildActionMask = 2147483647;
			files = (
				DED8178E13A452A900EC3234 /* Cocoa.framework in Frameworks */,
			);
			runOnlyForDeploymentPostprocessing = 0;
		};
		DED817A613A452AA00EC3234 /* Frameworks */ = {
			isa = PBXFrameworksBuildPhase;
			buildActionMask = 2147483647;
			files = (
				DED817AB13A452AA00EC3234 /* Cocoa.framework in Frameworks */,
			);
			runOnlyForDeploymentPostprocessing = 0;
		};
/* End PBXFrameworksBuildPhase section */

/* Begin PBXGroup section */
		05B7EB62632E82EC1D048F88 /* App */ = {
			isa = PBXGroup;
			children = (
				EBDDA2A3FA3C7375D63CFC55 /* ContactManagerApp.swift */,
			);
			name = App;
			path = App;
			sourceTree = "<group>";
		};
		1A7FF215BB060EF1483FD33C /* Models */ = {
			isa = PBXGroup;
			children = (
				F51E6728EF90B1D2BF8EA5AE /* Contact.swift */,
				0B27567532AC1A51FF4CC13A /* ContactQuery.swift */,
				0F82C8A388E97CC4F1106176 /* SampleData.swift */,
				B25751DDEC1515E341AF67F5 /* ContactField.swift */,
				FAFE362455F20C848F729EEE /* ContactGroup.swift */,
			);
			name = Models;
			path = Models;
			sourceTree = "<group>";
		};
		A34742F5CC5340B2EE610BF4 /* Support */ = {
			isa = PBXGroup;
			children = (
				F76507F3A1E2222FB64D7F31 /* ImageProcessing.swift */,
				A7276D515CA167FBF4C47299 /* VCard.swift */,
				2D13D7A4D4AF6172FA6E89AB /* VCardDocument.swift */,
			);
			name = Support;
			path = Support;
			sourceTree = "<group>";
		};
		C876089F42640D0818FE333F /* Views */ = {
			isa = PBXGroup;
			children = (
				833F1AF82CACF7B9E89BADCA /* ContentView.swift */,
				6303A7F66E428BF3662142C0 /* SidebarView.swift */,
				08E2EBA5EFDEE6888B84E10B /* ContactListView.swift */,
				2A7B150B6DB35B8EF10D2135 /* AvatarView.swift */,
				73D22E8B17D14280F44AB0B2 /* ContactDetailView.swift */,
			);
			name = Views;
			path = Views;
			sourceTree = "<group>";
		};
		DE0285C613B192BE0069A885 /* Helpers */ = {
			isa = PBXGroup;
			children = (
			);
			name = Helpers;
			sourceTree = "<group>";
		};
		DE0E381713B837FB0017EA58 /* View Controller Tests */ = {
			isa = PBXGroup;
			children = (
			);
			name = "View Controller Tests";
			sourceTree = "<group>";
		};
		DE25CA5A13A7222800D71422 /* View Controllers */ = {
			isa = PBXGroup;
			children = (
			);
			name = "View Controllers";
			sourceTree = "<group>";
		};
		DE25CA5B13A7226900D71422 /* Window Controllers */ = {
			isa = PBXGroup;
			children = (
			);
			name = "Window Controllers";
			sourceTree = "<group>";
		};
		DE25CA6113A7B37500D71422 /* Controllers */ = {
			isa = PBXGroup;
			children = (
				DE25CA5A13A7222800D71422 /* View Controllers */,
				DE25CA5B13A7226900D71422 /* Window Controllers */,
			);
			name = Controllers;
			sourceTree = "<group>";
		};
		DE27DD9413B7C68900EF7A92 /* Model Tests */ = {
			isa = PBXGroup;
			children = (
			);
			name = "Model Tests";
			sourceTree = "<group>";
		};
		DE78DB3913B7EC29002E0F97 /* Controller Tests */ = {
			isa = PBXGroup;
			children = (
				DE0E381713B837FB0017EA58 /* View Controller Tests */,
				DE78DB3A13B7EC3F002E0F97 /* Window Controller Tests */,
			);
			name = "Controller Tests";
			sourceTree = "<group>";
		};
		DE78DB3A13B7EC3F002E0F97 /* Window Controller Tests */ = {
			isa = PBXGroup;
			children = (
			);
			name = "Window Controller Tests";
			sourceTree = "<group>";
		};
		DED8177E13A452A900EC3234 = {
			isa = PBXGroup;
			children = (
				DED8179313A452AA00EC3234 /* ContactManager */,
				DED817AE13A452AA00EC3234 /* ContactManagerTests */,
				DED8178C13A452A900EC3234 /* Frameworks */,
				DED8178A13A452A900EC3234 /* Products */,
			);
			sourceTree = "<group>";
		};
		DED8178A13A452A900EC3234 /* Products */ = {
			isa = PBXGroup;
			children = (
				DED8178913A452A900EC3234 /* ContactManager.app */,
				DED817AA13A452AA00EC3234 /* ContactManagerTests.xctest */,
			);
			name = Products;
			sourceTree = "<group>";
		};
		DED8178C13A452A900EC3234 /* Frameworks */ = {
			isa = PBXGroup;
			children = (
				DED8178D13A452A900EC3234 /* Cocoa.framework */,
				DED8178F13A452A900EC3234 /* Other Frameworks */,
			);
			name = Frameworks;
			sourceTree = "<group>";
		};
		DED8178F13A452A900EC3234 /* Other Frameworks */ = {
			isa = PBXGroup;
			children = (
				DED8179013A452AA00EC3234 /* AppKit.framework */,
				DED8179113A452AA00EC3234 /* CoreData.framework */,
				DED8179213A452AA00EC3234 /* Foundation.framework */,
			);
			name = "Other Frameworks";
			sourceTree = "<group>";
		};
		DED8179313A452AA00EC3234 /* ContactManager */ = {
			isa = PBXGroup;
			children = (
				DEFCA6D0259AAB8000DB0749 /* Config */,
				DE25CA6113A7B37500D71422 /* Controllers */,
				DE0285C613B192BE0069A885 /* Helpers */,
				DEAB729518FA2A6600E3570B /* Images.xcassets */,
				DED817DC13A47A8D00EC3234 /* Model */,
				DED8179413A452AA00EC3234 /* Supporting Files */,
				05B7EB62632E82EC1D048F88 /* App */,
				1A7FF215BB060EF1483FD33C /* Models */,
				C876089F42640D0818FE333F /* Views */,
				A34742F5CC5340B2EE610BF4 /* Support */,
			);
			path = ContactManager;
			sourceTree = "<group>";
		};
		DED8179413A452AA00EC3234 /* Supporting Files */ = {
			isa = PBXGroup;
			children = (
			);
			name = "Supporting Files";
			sourceTree = "<group>";
		};
		DED817AE13A452AA00EC3234 /* ContactManagerTests */ = {
			isa = PBXGroup;
			children = (
				DE78DB3913B7EC29002E0F97 /* Controller Tests */,
				DE27DD9413B7C68900EF7A92 /* Model Tests */,
				DED817AF13A452AA00EC3234 /* Supporting Files */,
				B75D02267D3BC6C014143329 /* ContactModelTests.swift */,
				5588D3AA3B4B31F1094D954F /* ImageProcessingTests.swift */,
				7E7D5B554122CF852B0D825C /* VCardTests.swift */,
			);
			path = ContactManagerTests;
			sourceTree = "<group>";
		};
		DED817AF13A452AA00EC3234 /* Supporting Files */ = {
			isa = PBXGroup;
			children = (
			);
			name = "Supporting Files";
			sourceTree = "<group>";
		};
		DED817DC13A47A8D00EC3234 /* Model */ = {
			isa = PBXGroup;
			children = (
			);
			name = Model;
			sourceTree = "<group>";
		};
		DEFCA6D0259AAB8000DB0749 /* Config */ = {
			isa = PBXGroup;
			children = (
				DEFCA6D1259AAB9C00DB0749 /* SharedSettings.xcconfig */,
			);
			path = Config;
			sourceTree = "<group>";
		};
/* End PBXGroup section */

/* Begin PBXNativeTarget section */
		DED8178813A452A900EC3234 /* ContactManager */ = {
			isa = PBXNativeTarget;
			buildConfigurationList = DED817BB13A452AA00EC3234 /* Build configuration list for PBXNativeTarget "ContactManager" */;
			buildPhases = (
				31E30EDAEDB1AC28FD0090AA /* SwiftLint */,
				DED8178513A452A900EC3234 /* Sources */,
				DED8178613A452A900EC3234 /* Frameworks */,
				DED8178713A452A900EC3234 /* Resources */,
			);
			buildRules = (
			);
			dependencies = (
			);
			name = ContactManager;
			productName = ContactManager;
			productReference = DED8178913A452A900EC3234 /* ContactManager.app */;
			productType = "com.apple.product-type.application";
		};
		DED817A913A452AA00EC3234 /* ContactManagerTests */ = {
			isa = PBXNativeTarget;
			buildConfigurationList = DED817BE13A452AA00EC3234 /* Build configuration list for PBXNativeTarget "ContactManagerTests" */;
			buildPhases = (
				DED817A513A452AA00EC3234 /* Sources */,
				DED817A613A452AA00EC3234 /* Frameworks */,
				DED817A713A452AA00EC3234 /* Resources */,
			);
			buildRules = (
			);
			dependencies = (
				DED817AD13A452AA00EC3234 /* PBXTargetDependency */,
			);
			name = ContactManagerTests;
			productName = ContactManagerTests;
			productReference = DED817AA13A452AA00EC3234 /* ContactManagerTests.xctest */;
			productType = "com.apple.product-type.bundle.unit-test";
		};
/* End PBXNativeTarget section */

/* Begin PBXProject section */
		DED8178013A452A900EC3234 /* Project object */ = {
			isa = PBXProject;
			attributes = {
				LastUpgradeCheck = 2650;
				ORGANIZATIONNAME = "Scott Densmore";
			};
			buildConfigurationList = DED8178313A452A900EC3234 /* Build configuration list for PBXProject "ContactManager" */;
			compatibilityVersion = "Xcode 11.0";
			developmentRegion = en;
			hasScannedForEncodings = 0;
			knownRegions = (
				en,
				Base,
			);
			mainGroup = DED8177E13A452A900EC3234;
			productRefGroup = DED8178A13A452A900EC3234 /* Products */;
			projectDirPath = "";
			projectRoot = "";
			targets = (
				DED8178813A452A900EC3234 /* ContactManager */,
				DED817A913A452AA00EC3234 /* ContactManagerTests */,
			);
		};
/* End PBXProject section */

/* Begin PBXResourcesBuildPhase section */
		DED8178713A452A900EC3234 /* Resources */ = {
			isa = PBXResourcesBuildPhase;
			buildActionMask = 2147483647;
			files = (
				7F3D3F509379FD171AEC3606 /* Images.xcassets in Resources */,
			);
			runOnlyForDeploymentPostprocessing = 0;
		};
		DED817A713A452AA00EC3234 /* Resources */ = {
			isa = PBXResourcesBuildPhase;
			buildActionMask = 2147483647;
			files = (
			);
			runOnlyForDeploymentPostprocessing = 0;
		};
/* End PBXResourcesBuildPhase section */

/* Begin PBXShellScriptBuildPhase section */
		31E30EDAEDB1AC28FD0090AA /* SwiftLint */ = {
			isa = PBXShellScriptBuildPhase;
			alwaysOutOfDate = 1;
			buildActionMask = 2147483647;
			files = (
			);
			inputFileListPaths = (
			);
			inputPaths = (
			);
			name = SwiftLint;
			outputFileListPaths = (
			);
			outputPaths = (
			);
			runOnlyForDeploymentPostprocessing = 0;
			shellPath = /bin/sh;
			shellScript = "# Lint Swift sources during build (warnings only). See .swiftlint.yml\nif command -v swiftlint >/dev/null 2>&1; then\n  swiftlint lint --quiet\nelse\n  echo \"warning: SwiftLint not installed — run ./scripts/bootstrap.sh (brew bundle)\"\nfi\n";
		};
/* End PBXShellScriptBuildPhase section */

/* Begin PBXSourcesBuildPhase section */
		DED8178513A452A900EC3234 /* Sources */ = {
			isa = PBXSourcesBuildPhase;
			buildActionMask = 2147483647;
			files = (
				FA702A2E92FAC86D4587641B /* ContactManagerApp.swift in Sources */,
				14E0C9EBEF8212F3F9B2777D /* Contact.swift in Sources */,
				6BF479700A4101F1353CBF78 /* ContactQuery.swift in Sources */,
				E5EB465B5CE3964197D29ADF /* SampleData.swift in Sources */,
				6DDC44CAA558E1DB276460CF /* ContentView.swift in Sources */,
				C2A11D686722C70868435ACE /* SidebarView.swift in Sources */,
				4EC36757044377406665E53B /* ContactListView.swift in Sources */,
				465C6AF22F5A45925B879752 /* AvatarView.swift in Sources */,
				15AD8E34CC4EF4BC81F8A159 /* ContactDetailView.swift in Sources */,
				23BF1F338E4C813308B5DEE2 /* ContactField.swift in Sources */,
				02D950C10327393FB2B5BB7E /* ImageProcessing.swift in Sources */,
				A94AB327927F2F1FBBD81119 /* ContactGroup.swift in Sources */,
				97E98BCB6784672DCB8C1625 /* VCard.swift in Sources */,
				61F22EEDEE6075BD602203D5 /* VCardDocument.swift in Sources */,
			);
			runOnlyForDeploymentPostprocessing = 0;
		};
		DED817A513A452AA00EC3234 /* Sources */ = {
			isa = PBXSourcesBuildPhase;
			buildActionMask = 2147483647;
			files = (
				14C13B18A26BC44F834915C1 /* ContactModelTests.swift in Sources */,
				9506DFC07D9490AEDFB096EC /* ImageProcessingTests.swift in Sources */,
				7755029B0E36200BB139ECFA /* VCardTests.swift in Sources */,
			);
			runOnlyForDeploymentPostprocessing = 0;
		};
/* End PBXSourcesBuildPhase section */

/* Begin PBXTargetDependency section */
		DED817AD13A452AA00EC3234 /* PBXTargetDependency */ = {
			isa = PBXTargetDependency;
			target = DED8178813A452A900EC3234 /* ContactManager */;
			targetProxy = DED817AC13A452AA00EC3234 /* PBXContainerItemProxy */;
		};
/* End PBXTargetDependency section */

/* Begin XCBuildConfiguration section */
		DED817B913A452AA00EC3234 /* Debug */ = {
			isa = XCBuildConfiguration;
			buildSettings = {
				ALWAYS_SEARCH_USER_PATHS = NO;
				CLANG_ANALYZER_LOCALIZABILITY_NONLOCALIZED = YES;
				CLANG_ENABLE_OBJC_MODULES = YES;
				CLANG_WARN_BLOCK_CAPTURE_AUTORELEASING = YES;
				CLANG_WARN_BOOL_CONVERSION = YES;
				CLANG_WARN_COMMA = YES;
				CLANG_WARN_CONSTANT_CONVERSION = YES;
				CLANG_WARN_DEPRECATED_OBJC_IMPLEMENTATIONS = YES;
				CLANG_WARN_EMPTY_BODY = YES;
				CLANG_WARN_ENUM_CONVERSION = YES;
				CLANG_WARN_INFINITE_RECURSION = YES;
				CLANG_WARN_INT_CONVERSION = YES;
				CLANG_WARN_NON_LITERAL_NULL_CONVERSION = YES;
				CLANG_WARN_OBJC_IMPLICIT_RETAIN_SELF = YES;
				CLANG_WARN_OBJC_LITERAL_CONVERSION = YES;
				CLANG_WARN_QUOTED_INCLUDE_IN_FRAMEWORK_HEADER = YES;
				CLANG_WARN_RANGE_LOOP_ANALYSIS = YES;
				CLANG_WARN_STRICT_PROTOTYPES = YES;
				CLANG_WARN_SUSPICIOUS_MOVE = YES;
				CLANG_WARN_UNREACHABLE_CODE = YES;
				CLANG_WARN__DUPLICATE_METHOD_MATCH = YES;
				ENABLE_STRICT_OBJC_MSGSEND = YES;
				ENABLE_TESTABILITY = YES;
				GCC_C_LANGUAGE_STANDARD = gnu99;
				GCC_GENERATE_TEST_COVERAGE_FILES = NO;
				GCC_INSTRUMENT_PROGRAM_FLOW_ARCS = NO;
				GCC_NO_COMMON_BLOCKS = YES;
				GCC_OPTIMIZATION_LEVEL = 0;
				GCC_PREPROCESSOR_DEFINITIONS = DEBUG;
				GCC_SYMBOLS_PRIVATE_EXTERN = NO;
				GCC_VERSION = com.apple.compilers.llvm.clang.1_0;
				GCC_WARN_64_TO_32_BIT_CONVERSION = YES;
				GCC_WARN_ABOUT_RETURN_TYPE = YES;
				GCC_WARN_UNDECLARED_SELECTOR = YES;
				GCC_WARN_UNINITIALIZED_AUTOS = YES;
				GCC_WARN_UNUSED_FUNCTION = YES;
				GCC_WARN_UNUSED_VARIABLE = YES;
				MACOSX_DEPLOYMENT_TARGET = 26.0;
				ONLY_ACTIVE_ARCH = YES;
				SDKROOT = macosx;
			};
			name = Debug;
		};
		DED817BA13A452AA00EC3234 /* Release */ = {
			isa = XCBuildConfiguration;
			buildSettings = {
				ALWAYS_SEARCH_USER_PATHS = NO;
				CLANG_ANALYZER_LOCALIZABILITY_NONLOCALIZED = YES;
				CLANG_ENABLE_OBJC_MODULES = YES;
				CLANG_WARN_BLOCK_CAPTURE_AUTORELEASING = YES;
				CLANG_WARN_BOOL_CONVERSION = YES;
				CLANG_WARN_COMMA = YES;
				CLANG_WARN_CONSTANT_CONVERSION = YES;
				CLANG_WARN_DEPRECATED_OBJC_IMPLEMENTATIONS = YES;
				CLANG_WARN_EMPTY_BODY = YES;
				CLANG_WARN_ENUM_CONVERSION = YES;
				CLANG_WARN_INFINITE_RECURSION = YES;
				CLANG_WARN_INT_CONVERSION = YES;
				CLANG_WARN_NON_LITERAL_NULL_CONVERSION = YES;
				CLANG_WARN_OBJC_IMPLICIT_RETAIN_SELF = YES;
				CLANG_WARN_OBJC_LITERAL_CONVERSION = YES;
				CLANG_WARN_QUOTED_INCLUDE_IN_FRAMEWORK_HEADER = YES;
				CLANG_WARN_RANGE_LOOP_ANALYSIS = YES;
				CLANG_WARN_STRICT_PROTOTYPES = YES;
				CLANG_WARN_SUSPICIOUS_MOVE = YES;
				CLANG_WARN_UNREACHABLE_CODE = YES;
				CLANG_WARN__DUPLICATE_METHOD_MATCH = YES;
				ENABLE_STRICT_OBJC_MSGSEND = YES;
				GCC_C_LANGUAGE_STANDARD = gnu99;
				GCC_NO_COMMON_BLOCKS = YES;
				GCC_VERSION = com.apple.compilers.llvm.clang.1_0;
				GCC_WARN_64_TO_32_BIT_CONVERSION = YES;
				GCC_WARN_ABOUT_RETURN_TYPE = YES;
				GCC_WARN_UNDECLARED_SELECTOR = YES;
				GCC_WARN_UNINITIALIZED_AUTOS = YES;
				GCC_WARN_UNUSED_FUNCTION = YES;
				GCC_WARN_UNUSED_VARIABLE = YES;
				MACOSX_DEPLOYMENT_TARGET = 26.0;
				SDKROOT = macosx;
			};
			name = Release;
		};
		DED817BC13A452AA00EC3234 /* Debug */ = {
			isa = XCBuildConfiguration;
			baseConfigurationReference = DEFCA6D1259AAB9C00DB0749 /* SharedSettings.xcconfig */;
			buildSettings = {
				ALWAYS_SEARCH_USER_PATHS = NO;
				ASSETCATALOG_COMPILER_APPICON_NAME = AppIcon;
				CLANG_ENABLE_OBJC_ARC = YES;
				COMBINE_HIDPI_IMAGES = YES;
				COPY_PHASE_STRIP = NO;
				ENABLE_HARDENED_RUNTIME = YES;
				GCC_DYNAMIC_NO_PIC = NO;
				GCC_ENABLE_OBJC_EXCEPTIONS = YES;
				GCC_GENERATE_TEST_COVERAGE_FILES = YES;
				GCC_INSTRUMENT_PROGRAM_FLOW_ARCS = YES;
				GCC_PREPROCESSOR_DEFINITIONS = "DEBUG=1";
				GENERATE_INFOPLIST_FILE = YES;
				INFOPLIST_KEY_LSApplicationCategoryType = "public.app-category.productivity";
				INFOPLIST_KEY_NSHumanReadableCopyright = "Copyright © 2026 Scott Densmore. All rights reserved.";
				LD_RUNPATH_SEARCH_PATHS = (
					"$(inherited)",
					"@executable_path/../Frameworks",
				);
				MACOSX_DEPLOYMENT_TARGET = 26.0;
				MARKETING_VERSION = 2.0;
				OTHER_LDFLAGS = "";
				PRODUCT_BUNDLE_IDENTIFIER = "$(ORGANIZATION_IDENTIFIER).${PRODUCT_NAME:rfc1034identifier}";
				PRODUCT_NAME = "$(TARGET_NAME)";
				PROVISIONING_PROFILE_SPECIFIER = "";
				RUN_CLANG_STATIC_ANALYZER = YES;
				SWIFT_EMIT_LOC_STRINGS = YES;
				SWIFT_VERSION = 5.0;
				WRAPPER_EXTENSION = app;
			};
			name = Debug;
		};
		DED817BD13A452AA00EC3234 /* Release */ = {
			isa = XCBuildConfiguration;
			baseConfigurationReference = DEFCA6D1259AAB9C00DB0749 /* SharedSettings.xcconfig */;
			buildSettings = {
				ALWAYS_SEARCH_USER_PATHS = NO;
				ASSETCATALOG_COMPILER_APPICON_NAME = AppIcon;
				CLANG_ENABLE_OBJC_ARC = YES;
				COMBINE_HIDPI_IMAGES = YES;
				COPY_PHASE_STRIP = YES;
				DEBUG_INFORMATION_FORMAT = "dwarf-with-dsym";
				ENABLE_HARDENED_RUNTIME = YES;
				GCC_ENABLE_OBJC_EXCEPTIONS = YES;
				GCC_GENERATE_TEST_COVERAGE_FILES = NO;
				GCC_INSTRUMENT_PROGRAM_FLOW_ARCS = NO;
				GENERATE_INFOPLIST_FILE = YES;
				INFOPLIST_KEY_LSApplicationCategoryType = "public.app-category.productivity";
				INFOPLIST_KEY_NSHumanReadableCopyright = "Copyright © 2026 Scott Densmore. All rights reserved.";
				LD_RUNPATH_SEARCH_PATHS = (
					"$(inherited)",
					"@executable_path/../Frameworks",
				);
				MACOSX_DEPLOYMENT_TARGET = 26.0;
				MARKETING_VERSION = 2.0;
				OTHER_LDFLAGS = "";
				PRODUCT_BUNDLE_IDENTIFIER = "$(ORGANIZATION_IDENTIFIER).${PRODUCT_NAME:rfc1034identifier}";
				PRODUCT_NAME = "$(TARGET_NAME)";
				PROVISIONING_PROFILE_SPECIFIER = "";
				RUN_CLANG_STATIC_ANALYZER = YES;
				SWIFT_EMIT_LOC_STRINGS = YES;
				SWIFT_VERSION = 5.0;
				WRAPPER_EXTENSION = app;
			};
			name = Release;
		};
		DED817BF13A452AA00EC3234 /* Debug */ = {
			isa = XCBuildConfiguration;
			baseConfigurationReference = DEFCA6D1259AAB9C00DB0749 /* SharedSettings.xcconfig */;
			buildSettings = {
				BUNDLE_LOADER = "$(BUILT_PRODUCTS_DIR)/ContactManager.app/Contents/MacOS/ContactManager";
				CLANG_ENABLE_OBJC_ARC = YES;
				COMBINE_HIDPI_IMAGES = YES;
				COPY_PHASE_STRIP = NO;
				FRAMEWORK_SEARCH_PATHS = "$(inherited)";
				GCC_DYNAMIC_NO_PIC = NO;
				GCC_ENABLE_OBJC_EXCEPTIONS = YES;
				GCC_PREPROCESSOR_DEFINITIONS = "DEBUG=1";
				GENERATE_INFOPLIST_FILE = YES;
				LD_RUNPATH_SEARCH_PATHS = (
					"$(inherited)",
					"@executable_path/../Frameworks",
					"@loader_path/../Frameworks",
				);
				LIBRARY_SEARCH_PATHS = "";
				MACOSX_DEPLOYMENT_TARGET = 26.0;
				PRODUCT_BUNDLE_IDENTIFIER = "$(ORGANIZATION_IDENTIFIER).${PRODUCT_NAME:rfc1034identifier}";
				PRODUCT_NAME = "$(TARGET_NAME)";
				RUN_CLANG_STATIC_ANALYZER = YES;
				SWIFT_VERSION = 5.0;
				TEST_HOST = "$(BUNDLE_LOADER)";
			};
			name = Debug;
		};
		DED817C013A452AA00EC3234 /* Release */ = {
			isa = XCBuildConfiguration;
			baseConfigurationReference = DEFCA6D1259AAB9C00DB0749 /* SharedSettings.xcconfig */;
			buildSettings = {
				BUNDLE_LOADER = "$(BUILT_PRODUCTS_DIR)/ContactManager.app/Contents/MacOS/ContactManager";
				CLANG_ENABLE_OBJC_ARC = YES;
				COMBINE_HIDPI_IMAGES = YES;
				COPY_PHASE_STRIP = YES;
				DEBUG_INFORMATION_FORMAT = "dwarf-with-dsym";
				FRAMEWORK_SEARCH_PATHS = "$(inherited)";
				GCC_ENABLE_OBJC_EXCEPTIONS = YES;
				GENERATE_INFOPLIST_FILE = YES;
				LD_RUNPATH_SEARCH_PATHS = (
					"$(inherited)",
					"@executable_path/../Frameworks",
					"@loader_path/../Frameworks",
				);
				LIBRARY_SEARCH_PATHS = "";
				MACOSX_DEPLOYMENT_TARGET = 26.0;
				PRODUCT_BUNDLE_IDENTIFIER = "$(ORGANIZATION_IDENTIFIER).${PRODUCT_NAME:rfc1034identifier}";
				PRODUCT_NAME = "$(TARGET_NAME)";
				RUN_CLANG_STATIC_ANALYZER = YES;
				SWIFT_VERSION = 5.0;
				TEST_HOST = "$(BUNDLE_LOADER)";
			};
			name = Release;
		};
/* End XCBuildConfiguration section */

/* Begin XCConfigurationList section */
		DED8178313A452A900EC3234 /* Build configuration list for PBXProject "ContactManager" */ = {
			isa = XCConfigurationList;
			buildConfigurations = (
				DED817B913A452AA00EC3234 /* Debug */,
				DED817BA13A452AA00EC3234 /* Release */,
			);
			defaultConfigurationIsVisible = 0;
			defaultConfigurationName = Release;
		};
		DED817BB13A452AA00EC3234 /* Build configuration list for PBXNativeTarget "ContactManager" */ = {
			isa = XCConfigurationList;
			buildConfigurations = (
				DED817BC13A452AA00EC3234 /* Debug */,
				DED817BD13A452AA00EC3234 /* Release */,
			);
			defaultConfigurationIsVisible = 0;
			defaultConfigurationName = Release;
		};
		DED817BE13A452AA00EC3234 /* Build configuration list for PBXNativeTarget "ContactManagerTests" */ = {
			isa = XCConfigurationList;
			buildConfigurations = (
				DED817BF13A452AA00EC3234 /* Debug */,
				DED817C013A452AA00EC3234 /* Release */,
			);
			defaultConfigurationIsVisible = 0;
			defaultConfigurationName = Release;
		};
/* End XCConfigurationList section */
	};
	rootObject = DED8178013A452A900EC3234 /* Project object */;
}
