// !$*UTF8*$!
{
	archiveVersion = 1;
	classes = {
	};
	objectVersion = 54;
	objects = {

/* Begin PBXBuildFile section */
		02D950C10327393FB2B5BB7E /* ImageProcessing.swift in Sources */ = {isa = PBXBuildFile; fileRef = F76507F3A1E2222FB64D7F31 /* ImageProcessing.swift */; };
		0ABBB9962C4AC14A077728FF /* ContactStoreTests.swift in Sources */ = {isa = PBXBuildFile; fileRef = 03763AB80D45F026EC585490 /* ContactStoreTests.swift */; };
		134F890B4875E8BF294A92B2 /* ContactStore.swift in Sources */ = {isa = PBXBuildFile; fileRef = 617D7B082A403094284FBD38 /* ContactStore.swift */; };
		14C13B18A26BC44F834915C1 /* ContactModelTests.swift in Sources */ = {isa = PBXBuildFile; fileRef = B75D02267D3BC6C014143329 /* ContactModelTests.swift */; };
		14E0C9EBEF8212F3F9B2777D /* Contact.swift in Sources */ = {isa = PBXBuildFile; fileRef = F51E6728EF90B1D2BF8EA5AE /* Contact.swift */; };
		15AD8E34CC4EF4BC81F8A159 /* ContactDetailView.swift in Sources */ = {isa = PBXBuildFile; fileRef = 73D22E8B17D14280F44AB0B2 /* ContactDetailView.swift */; };
		1BE87CA3661CF6390FF9EEC4 /* VCardTransferTests.swift in Sources */ = {isa = PBXBuildFile; fileRef = F9F733D535CFC76FA07FB61E /* VCardTransferTests.swift */; };
		21EF2DF533DFA347DCF69BD0 /* ContactLinkTests.swift in Sources */ = {isa = PBXBuildFile; fileRef = 6EE79F02FFFD9820269D3725 /* ContactLinkTests.swift */; };
		23BF1F338E4C813308B5DEE2 /* ContactField.swift in Sources */ = {isa = PBXBuildFile; fileRef = B25751DDEC1515E341AF67F5 /* ContactField.swift */; };
		2B9D4C628CAAECD10F00F5E2 /* LayoutMetrics.swift in Sources */ = {isa = PBXBuildFile; fileRef = 734D363DD0CB0BAA7AE9460B /* LayoutMetrics.swift */; };
		2EB13805320DA225F70D08F3 /* VCardTransfer.swift in Sources */ = {isa = PBXBuildFile; fileRef = B033A5B8DABE71E4CCF6A8E9 /* VCardTransfer.swift */; };
		3076738411F8C3FA073D1BE0 /* ContactsBridgeTests.swift in Sources */ = {isa = PBXBuildFile; fileRef = 7D8EC17CBADAAAFFF77E9FDF /* ContactsBridgeTests.swift */; };
		322103E6FBEAD59C6A2405E6 /* Birthday.swift in Sources */ = {isa = PBXBuildFile; fileRef = ABDED82FFB4B5F039052FFB5 /* Birthday.swift */; };
		4515C79B40C414630F64BC5D /* PersistentIdentifierEncoding.swift in Sources */ = {isa = PBXBuildFile; fileRef = 61587B4E14B400AF1CB16862 /* PersistentIdentifierEncoding.swift */; };
		465C6AF22F5A45925B879752 /* AvatarView.swift in Sources */ = {isa = PBXBuildFile; fileRef = 2A7B150B6DB35B8EF10D2135 /* AvatarView.swift */; };
		4EC36757044377406665E53B /* ContactListView.swift in Sources */ = {isa = PBXBuildFile; fileRef = 08E2EBA5EFDEE6888B84E10B /* ContactListView.swift */; };
		4F1E1A097740ECE3D42E55B8 /* GroupDropTests.swift in Sources */ = {isa = PBXBuildFile; fileRef = 964ACD67CC8CB35694497A10 /* GroupDropTests.swift */; };
		52F4C28719253736244342F9 /* SpotlightDeltaTests.swift in Sources */ = {isa = PBXBuildFile; fileRef = 604FB090CB5671DB6927238C /* SpotlightDeltaTests.swift */; };
		552E226D873AE11781A7F97A /* ContactDetailView+Photo.swift in Sources */ = {isa = PBXBuildFile; fileRef = 05CB65D95AFA14C691F0D8C4 /* ContactDetailView+Photo.swift */; };
		61F22EEDEE6075BD602203D5 /* VCardDocument.swift in Sources */ = {isa = PBXBuildFile; fileRef = 2D13D7A4D4AF6172FA6E89AB /* VCardDocument.swift */; };
		623A5F4AE958EAD5C2757F83 /* CSVTests.swift in Sources */ = {isa = PBXBuildFile; fileRef = BCAA25CCEE01127AA64D21D6 /* CSVTests.swift */; };
		63274FB1580421240D8EB57B /* ContactEntityTests.swift in Sources */ = {isa = PBXBuildFile; fileRef = 93C12246003379D5966F0210 /* ContactEntityTests.swift */; };
		64A0899508308C671981B72F /* ContactWindowView.swift in Sources */ = {isa = PBXBuildFile; fileRef = 7B17AADA860AEDB87017DF0B /* ContactWindowView.swift */; };
		6BF479700A4101F1353CBF78 /* ContactQuery.swift in Sources */ = {isa = PBXBuildFile; fileRef = 0B27567532AC1A51FF4CC13A /* ContactQuery.swift */; };
		6DDC44CAA558E1DB276460CF /* ContentView.swift in Sources */ = {isa = PBXBuildFile; fileRef = 833F1AF82CACF7B9E89BADCA /* ContentView.swift */; };
		7755029B0E36200BB139ECFA /* VCardTests.swift in Sources */ = {isa = PBXBuildFile; fileRef = 7E7D5B554122CF852B0D825C /* VCardTests.swift */; };
		7CD9C3EBF737E415B2561168 /* CSV.swift in Sources */ = {isa = PBXBuildFile; fileRef = 4E2F2242E59F2C42DDD0736B /* CSV.swift */; };
		7F3D3F509379FD171AEC3606 /* Images.xcassets in Resources */ = {isa = PBXBuildFile; fileRef = DEAB729518FA2A6600E3570B /* Images.xcassets */; };
		8108F2C0C987CDC1258A3E7C /* ContactLink.swift in Sources */ = {isa = PBXBuildFile; fileRef = 90E3C45DEC115A2BF7DE83DF /* ContactLink.swift */; };
		81F488BB8E6D53268C607C68 /* DuplicatesView.swift in Sources */ = {isa = PBXBuildFile; fileRef = 54C373BD237429970D6A7C86 /* DuplicatesView.swift */; };
		827CF451F0B38B89C4469595 /* DuplicateFinder.swift in Sources */ = {isa = PBXBuildFile; fileRef = E788AA97AF3C5715FA19FE5B /* DuplicateFinder.swift */; };
		8C6AC6410FA2258ADB2BF640 /* ContactManagerUITests.swift in Sources */ = {isa = PBXBuildFile; fileRef = 001F8DF120EBA372663EC888 /* ContactManagerUITests.swift */; };
		9506DFC07D9490AEDFB096EC /* ImageProcessingTests.swift in Sources */ = {isa = PBXBuildFile; fileRef = 5588D3AA3B4B31F1094D954F /* ImageProcessingTests.swift */; };
		97E98BCB6784672DCB8C1625 /* VCard.swift in Sources */ = {isa = PBXBuildFile; fileRef = A7276D515CA167FBF4C47299 /* VCard.swift */; };
		A486AAFFBF01C05775A7BB38 /* ContactEntity.swift in Sources */ = {isa = PBXBuildFile; fileRef = 915AF700C971510D0B642590 /* ContactEntity.swift */; };
		A94AB327927F2F1FBBD81119 /* ContactGroup.swift in Sources */ = {isa = PBXBuildFile; fileRef = FAFE362455F20C848F729EEE /* ContactGroup.swift */; };
		ABE65AD0BD5B666CD7272802 /* EntityModelContainer.swift in Sources */ = {isa = PBXBuildFile; fileRef = AC2AA1D7BB15FC01B9CBA3B3 /* EntityModelContainer.swift */; };
		AC7E1126C65C59B15141CB79 /* ContentView+Import.swift in Sources */ = {isa = PBXBuildFile; fileRef = 66F852CE2356ADE83460064B /* ContentView+Import.swift */; };
		B1393B1344A7D64B52C4B3D4 /* SettingsView.swift in Sources */ = {isa = PBXBuildFile; fileRef = F9795992CBF553603FD37928 /* SettingsView.swift */; };
		BBD79E7FD90E021417B527A9 /* FindContactIntent.swift in Sources */ = {isa = PBXBuildFile; fileRef = 05F6260FE20C27094AFB327A /* FindContactIntent.swift */; };
		C2A11D686722C70868435ACE /* SidebarView.swift in Sources */ = {isa = PBXBuildFile; fileRef = 6303A7F66E428BF3662142C0 /* SidebarView.swift */; };
		CD70772ECD6A854C66159FFD /* OpenContactIntent.swift in Sources */ = {isa = PBXBuildFile; fileRef = 7B27494A51645ACA6BED8EA8 /* OpenContactIntent.swift */; };
		CE55AD882E6631A9541B6106 /* ContactsBridge.swift in Sources */ = {isa = PBXBuildFile; fileRef = 2489676BE6C77E41DDC56F60 /* ContactsBridge.swift */; };
		CEAC8F942C862FADB6C45220 /* SpotlightIndexer.swift in Sources */ = {isa = PBXBuildFile; fileRef = 1BAB4A7BC31774A5B67A38DC /* SpotlightIndexer.swift */; };
		CFFC58E9EA162230275F2301 /* ContactEntityQuery.swift in Sources */ = {isa = PBXBuildFile; fileRef = 874742D7DC5E9C20D3A88459 /* ContactEntityQuery.swift */; };
		E5EB465B5CE3964197D29ADF /* SampleData.swift in Sources */ = {isa = PBXBuildFile; fileRef = 0F82C8A388E97CC4F1106176 /* SampleData.swift */; };
		ECB7FDD8D0C3091EA0D42917 /* UndoTests.swift in Sources */ = {isa = PBXBuildFile; fileRef = C7DCAF444714BC3726B212C4 /* UndoTests.swift */; };
		FA63688E94483238D7C29FE9 /* DuplicateFinderTests.swift in Sources */ = {isa = PBXBuildFile; fileRef = 3628F70C39D4CE2FAA596291 /* DuplicateFinderTests.swift */; };
		FA702A2E92FAC86D4587641B /* ContactManagerApp.swift in Sources */ = {isa = PBXBuildFile; fileRef = EBDDA2A3FA3C7375D63CFC55 /* ContactManagerApp.swift */; };
/* End PBXBuildFile section */

/* Begin PBXContainerItemProxy section */
		AFC90216FA5DF15004827B67 /* PBXContainerItemProxy */ = {
			isa = PBXContainerItemProxy;
			containerPortal = DED8178013A452A900EC3234 /* Project object */;
			proxyType = 1;
			remoteGlobalIDString = DED8178813A452A900EC3234;
			remoteInfo = ContactManager;
		};
		DED817AC13A452AA00EC3234 /* PBXContainerItemProxy */ = {
			isa = PBXContainerItemProxy;
			containerPortal = DED8178013A452A900EC3234 /* Project object */;
			proxyType = 1;
			remoteGlobalIDString = DED8178813A452A900EC3234;
			remoteInfo = ContactManager;
		};
/* End PBXContainerItemProxy section */

/* Begin PBXFileReference section */
		001F8DF120EBA372663EC888 /* ContactManagerUITests.swift */ = {isa = PBXFileReference; includeInIndex = 1; lastKnownFileType = sourcecode.swift; path = ContactManagerUITests.swift; sourceTree = "<group>"; };
		03763AB80D45F026EC585490 /* ContactStoreTests.swift */ = {isa = PBXFileReference; includeInIndex = 1; lastKnownFileType = sourcecode.swift; path = ContactStoreTests.swift; sourceTree = "<group>"; };
		05CB65D95AFA14C691F0D8C4 /* ContactDetailView+Photo.swift */ = {isa = PBXFileReference; includeInIndex = 1; lastKnownFileType = sourcecode.swift; path = "ContactDetailView+Photo.swift"; sourceTree = "<group>"; };
		05F6260FE20C27094AFB327A /* FindContactIntent.swift */ = {isa = PBXFileReference; includeInIndex = 1; lastKnownFileType = sourcecode.swift; path = FindContactIntent.swift; sourceTree = "<group>"; };
		08E2EBA5EFDEE6888B84E10B /* ContactListView.swift */ = {isa = PBXFileReference; includeInIndex = 1; lastKnownFileType = sourcecode.swift; path = ContactListView.swift; sourceTree = "<group>"; };
		0B27567532AC1A51FF4CC13A /* ContactQuery.swift */ = {isa = PBXFileReference; includeInIndex = 1; lastKnownFileType = sourcecode.swift; path = ContactQuery.swift; sourceTree = "<group>"; };
		0F82C8A388E97CC4F1106176 /* SampleData.swift */ = {isa = PBXFileReference; includeInIndex = 1; lastKnownFileType = sourcecode.swift; path = SampleData.swift; sourceTree = "<group>"; };
		10E14CB9E9A2442DFE7B0E0B /* ContactManager.entitlements */ = {isa = PBXFileReference; includeInIndex = 1; lastKnownFileType = text.plist.entitlements; path = ContactManager.entitlements; sourceTree = "<group>"; };
		10E7338673D65A6FAB4F9AF3 /* ContactManagerUITests.xctest */ = {isa = PBXFileReference; explicitFileType = wrapper.cfbundle; includeInIndex = 0; path = ContactManagerUITests.xctest; sourceTree = BUILT_PRODUCTS_DIR; };
		1BAB4A7BC31774A5B67A38DC /* SpotlightIndexer.swift */ = {isa = PBXFileReference; includeInIndex = 1; lastKnownFileType = sourcecode.swift; path = SpotlightIndexer.swift; sourceTree = "<group>"; };
		2489676BE6C77E41DDC56F60 /* ContactsBridge.swift */ = {isa = PBXFileReference; includeInIndex = 1; lastKnownFileType = sourcecode.swift; path = ContactsBridge.swift; sourceTree = "<group>"; };
		2A7B150B6DB35B8EF10D2135 /* AvatarView.swift */ = {isa = PBXFileReference; includeInIndex = 1; lastKnownFileType = sourcecode.swift; path = AvatarView.swift; sourceTree = "<group>"; };
		2D13D7A4D4AF6172FA6E89AB /* VCardDocument.swift */ = {isa = PBXFileReference; includeInIndex = 1; lastKnownFileType = sourcecode.swift; path = VCardDocument.swift; sourceTree = "<group>"; };
		3628F70C39D4CE2FAA596291 /* DuplicateFinderTests.swift */ = {isa = PBXFileReference; includeInIndex = 1; lastKnownFileType = sourcecode.swift; path = DuplicateFinderTests.swift; sourceTree = "<group>"; };
		4E2F2242E59F2C42DDD0736B /* CSV.swift */ = {isa = PBXFileReference; includeInIndex = 1; lastKnownFileType = sourcecode.swift; path = CSV.swift; sourceTree = "<group>"; };
		54C373BD237429970D6A7C86 /* DuplicatesView.swift */ = {isa = PBXFileReference; includeInIndex = 1; lastKnownFileType = sourcecode.swift; path = DuplicatesView.swift; sourceTree = "<group>"; };
		5588D3AA3B4B31F1094D954F /* ImageProcessingTests.swift */ = {isa = PBXFileReference; includeInIndex = 1; lastKnownFileType = sourcecode.swift; path = ImageProcessingTests.swift; sourceTree = "<group>"; };
		604FB090CB5671DB6927238C /* SpotlightDeltaTests.swift */ = {isa = PBXFileReference; includeInIndex = 1; lastKnownFileType = sourcecode.swift; path = SpotlightDeltaTests.swift; sourceTree = "<group>"; };
		61587B4E14B400AF1CB16862 /* PersistentIdentifierEncoding.swift */ = {isa = PBXFileReference; includeInIndex = 1; lastKnownFileType = sourcecode.swift; path = PersistentIdentifierEncoding.swift; sourceTree = "<group>"; };
		617D7B082A403094284FBD38 /* ContactStore.swift */ = {isa = PBXFileReference; includeInIndex = 1; lastKnownFileType = sourcecode.swift; path = ContactStore.swift; sourceTree = "<group>"; };
		6303A7F66E428BF3662142C0 /* SidebarView.swift */ = {isa = PBXFileReference; includeInIndex = 1; lastKnownFileType = sourcecode.swift; path = SidebarView.swift; sourceTree = "<group>"; };
		66F852CE2356ADE83460064B /* ContentView+Import.swift */ = {isa = PBXFileReference; includeInIndex = 1; lastKnownFileType = sourcecode.swift; path = "ContentView+Import.swift"; sourceTree = "<group>"; };
		6EE79F02FFFD9820269D3725 /* ContactLinkTests.swift */ = {isa = PBXFileReference; includeInIndex = 1; lastKnownFileType = sourcecode.swift; path = ContactLinkTests.swift; sourceTree = "<group>"; };
		734D363DD0CB0BAA7AE9460B /* LayoutMetrics.swift */ = {isa = PBXFileReference; includeInIndex = 1; lastKnownFileType = sourcecode.swift; path = LayoutMetrics.swift; sourceTree = "<group>"; };
		73D22E8B17D14280F44AB0B2 /* ContactDetailView.swift */ = {isa = PBXFileReference; includeInIndex = 1; lastKnownFileType = sourcecode.swift; path = ContactDetailView.swift; sourceTree = "<group>"; };
		7B17AADA860AEDB87017DF0B /* ContactWindowView.swift */ = {isa = PBXFileReference; includeInIndex = 1; lastKnownFileType = sourcecode.swift; path = ContactWindowView.swift; sourceTree = "<group>"; };
		7B27494A51645ACA6BED8EA8 /* OpenContactIntent.swift */ = {isa = PBXFileReference; includeInIndex = 1; lastKnownFileType = sourcecode.swift; path = OpenContactIntent.swift; sourceTree = "<group>"; };
		7D8EC17CBADAAAFFF77E9FDF /* ContactsBridgeTests.swift */ = {isa = PBXFileReference; includeInIndex = 1; lastKnownFileType = sourcecode.swift; path = ContactsBridgeTests.swift; sourceTree = "<group>"; };
		7E7D5B554122CF852B0D825C /* VCardTests.swift */ = {isa = PBXFileReference; includeInIndex = 1; lastKnownFileType = sourcecode.swift; path = VCardTests.swift; sourceTree = "<group>"; };
		833F1AF82CACF7B9E89BADCA /* ContentView.swift */ = {isa = PBXFileReference; includeInIndex = 1; lastKnownFileType = sourcecode.swift; path = ContentView.swift; sourceTree = "<group>"; };
		874742D7DC5E9C20D3A88459 /* ContactEntityQuery.swift */ = {isa = PBXFileReference; includeInIndex = 1; lastKnownFileType = sourcecode.swift; path = ContactEntityQuery.swift; sourceTree = "<group>"; };
		90E3C45DEC115A2BF7DE83DF /* ContactLink.swift */ = {isa = PBXFileReference; includeInIndex = 1; lastKnownFileType = sourcecode.swift; path = ContactLink.swift; sourceTree = "<group>"; };
		915AF700C971510D0B642590 /* ContactEntity.swift */ = {isa = PBXFileReference; includeInIndex = 1; lastKnownFileType = sourcecode.swift; path = ContactEntity.swift; sourceTree = "<group>"; };
		93C12246003379D5966F0210 /* ContactEntityTests.swift */ = {isa = PBXFileReference; includeInIndex = 1; lastKnownFileType = sourcecode.swift; path = ContactEntityTests.swift; sourceTree = "<group>"; };
		964ACD67CC8CB35694497A10 /* GroupDropTests.swift */ = {isa = PBXFileReference; includeInIndex = 1; lastKnownFileType = sourcecode.swift; path = GroupDropTests.swift; sourceTree = "<group>"; };
		A7276D515CA167FBF4C47299 /* VCard.swift */ = {isa = PBXFileReference; includeInIndex = 1; lastKnownFileType = sourcecode.swift; path = VCard.swift; sourceTree = "<group>"; };
		ABDED82FFB4B5F039052FFB5 /* Birthday.swift */ = {isa = PBXFileReference; includeInIndex = 1; lastKnownFileType = sourcecode.swift; path = Birthday.swift; sourceTree = "<group>"; };
		AC2AA1D7BB15FC01B9CBA3B3 /* EntityModelContainer.swift */ = {isa = PBXFileReference; includeInIndex = 1; lastKnownFileType = sourcecode.swift; path = EntityModelContainer.swift; sourceTree = "<group>"; };
		B033A5B8DABE71E4CCF6A8E9 /* VCardTransfer.swift */ = {isa = PBXFileReference; includeInIndex = 1; lastKnownFileType = sourcecode.swift; path = VCardTransfer.swift; sourceTree = "<group>"; };
		B25751DDEC1515E341AF67F5 /* ContactField.swift */ = {isa = PBXFileReference; includeInIndex = 1; lastKnownFileType = sourcecode.swift; path = ContactField.swift; sourceTree = "<group>"; };
		B75D02267D3BC6C014143329 /* ContactModelTests.swift */ = {isa = PBXFileReference; includeInIndex = 1; lastKnownFileType = sourcecode.swift; path = ContactModelTests.swift; sourceTree = "<group>"; };
		BCAA25CCEE01127AA64D21D6 /* CSVTests.swift */ = {isa = PBXFileReference; includeInIndex = 1; lastKnownFileType = sourcecode.swift; path = CSVTests.swift; sourceTree = "<group>"; };
		C7DCAF444714BC3726B212C4 /* UndoTests.swift */ = {isa = PBXFileReference; includeInIndex = 1; lastKnownFileType = sourcecode.swift; path = UndoTests.swift; sourceTree = "<group>"; };
		DEAB729518FA2A6600E3570B /* Images.xcassets */ = {isa = PBXFileReference; lastKnownFileType = folder.assetcatalog; path = Images.xcassets; sourceTree = "<group>"; };
		DED8178913A452A900EC3234 /* ContactManager.app */ = {isa = PBXFileReference; explicitFileType = wrapper.application; includeInIndex = 0; path = ContactManager.app; sourceTree = BUILT_PRODUCTS_DIR; };
		DED817AA13A452AA00EC3234 /* ContactManagerTests.xctest */ = {isa = PBXFileReference; explicitFileType = wrapper.cfbundle; includeInIndex = 0; path = ContactManagerTests.xctest; sourceTree = BUILT_PRODUCTS_DIR; };
		DEFCA6D1259AAB9C00DB0749 /* SharedSettings.xcconfig */ = {isa = PBXFileReference; lastKnownFileType = text.xcconfig; path = SharedSettings.xcconfig; sourceTree = "<group>"; };
		E788AA97AF3C5715FA19FE5B /* DuplicateFinder.swift */ = {isa = PBXFileReference; includeInIndex = 1; lastKnownFileType = sourcecode.swift; path = DuplicateFinder.swift; sourceTree = "<group>"; };
		EBDDA2A3FA3C7375D63CFC55 /* ContactManagerApp.swift */ = {isa = PBXFileReference; includeInIndex = 1; lastKnownFileType = sourcecode.swift; path = ContactManagerApp.swift; sourceTree = "<group>"; };
		F51E6728EF90B1D2BF8EA5AE /* Contact.swift */ = {isa = PBXFileReference; includeInIndex = 1; lastKnownFileType = sourcecode.swift; path = Contact.swift; sourceTree = "<group>"; };
		F76507F3A1E2222FB64D7F31 /* ImageProcessing.swift */ = {isa = PBXFileReference; includeInIndex = 1; lastKnownFileType = sourcecode.swift; path = ImageProcessing.swift; sourceTree = "<group>"; };
		F9795992CBF553603FD37928 /* SettingsView.swift */ = {isa = PBXFileReference; includeInIndex = 1; lastKnownFileType = sourcecode.swift; path = SettingsView.swift; sourceTree = "<group>"; };
		F9F733D535CFC76FA07FB61E /* VCardTransferTests.swift */ = {isa = PBXFileReference; includeInIndex = 1; lastKnownFileType = sourcecode.swift; path = VCardTransferTests.swift; sourceTree = "<group>"; };
		FAFE362455F20C848F729EEE /* ContactGroup.swift */ = {isa = PBXFileReference; includeInIndex = 1; lastKnownFileType = sourcecode.swift; path = ContactGroup.swift; sourceTree = "<group>"; };
/* End PBXFileReference section */

/* Begin PBXFrameworksBuildPhase section */
		A6171048721FCC80BE53595F /* Frameworks */ = {
			isa = PBXFrameworksBuildPhase;
			buildActionMask = 2147483647;
			files = (
			);
			runOnlyForDeploymentPostprocessing = 0;
		};
		DED8178613A452A900EC3234 /* Frameworks */ = {
			isa = PBXFrameworksBuildPhase;
			buildActionMask = 2147483647;
			files = (
			);
			runOnlyForDeploymentPostprocessing = 0;
		};
		DED817A613A452AA00EC3234 /* Frameworks */ = {
			isa = PBXFrameworksBuildPhase;
			buildActionMask = 2147483647;
			files = (
			);
			runOnlyForDeploymentPostprocessing = 0;
		};
/* End PBXFrameworksBuildPhase section */

/* Begin PBXGroup section */
		05B7EB62632E82EC1D048F88 /* App */ = {
			isa = PBXGroup;
			children = (
				EBDDA2A3FA3C7375D63CFC55 /* ContactManagerApp.swift */,
			);
			path = App;
			sourceTree = "<group>";
		};
		0F8F43AF5330EC59928A8C2E /* ContactManagerUITests */ = {
			isa = PBXGroup;
			children = (
				001F8DF120EBA372663EC888 /* ContactManagerUITests.swift */,
			);
			name = ContactManagerUITests;
			path = ContactManagerUITests;
			sourceTree = SOURCE_ROOT;
		};
		1A7FF215BB060EF1483FD33C /* Models */ = {
			isa = PBXGroup;
			children = (
				F51E6728EF90B1D2BF8EA5AE /* Contact.swift */,
				0B27567532AC1A51FF4CC13A /* ContactQuery.swift */,
				0F82C8A388E97CC4F1106176 /* SampleData.swift */,
				B25751DDEC1515E341AF67F5 /* ContactField.swift */,
				FAFE362455F20C848F729EEE /* ContactGroup.swift */,
				617D7B082A403094284FBD38 /* ContactStore.swift */,
				E788AA97AF3C5715FA19FE5B /* DuplicateFinder.swift */,
			);
			path = Models;
			sourceTree = "<group>";
		};
		A34742F5CC5340B2EE610BF4 /* Support */ = {
			isa = PBXGroup;
			children = (
				F76507F3A1E2222FB64D7F31 /* ImageProcessing.swift */,
				A7276D515CA167FBF4C47299 /* VCard.swift */,
				2D13D7A4D4AF6172FA6E89AB /* VCardDocument.swift */,
				61587B4E14B400AF1CB16862 /* PersistentIdentifierEncoding.swift */,
				2489676BE6C77E41DDC56F60 /* ContactsBridge.swift */,
				B033A5B8DABE71E4CCF6A8E9 /* VCardTransfer.swift */,
				1BAB4A7BC31774A5B67A38DC /* SpotlightIndexer.swift */,
				4E2F2242E59F2C42DDD0736B /* CSV.swift */,
				90E3C45DEC115A2BF7DE83DF /* ContactLink.swift */,
				ABDED82FFB4B5F039052FFB5 /* Birthday.swift */,
			);
			path = Support;
			sourceTree = "<group>";
		};
		C80F354FEBD80D33AEC2F590 /* Intents */ = {
			isa = PBXGroup;
			children = (
				AC2AA1D7BB15FC01B9CBA3B3 /* EntityModelContainer.swift */,
				915AF700C971510D0B642590 /* ContactEntity.swift */,
				874742D7DC5E9C20D3A88459 /* ContactEntityQuery.swift */,
				7B27494A51645ACA6BED8EA8 /* OpenContactIntent.swift */,
				05F6260FE20C27094AFB327A /* FindContactIntent.swift */,
			);
			name = Intents;
			path = Intents;
			sourceTree = "<group>";
		};
		C876089F42640D0818FE333F /* Views */ = {
			isa = PBXGroup;
			children = (
				833F1AF82CACF7B9E89BADCA /* ContentView.swift */,
				6303A7F66E428BF3662142C0 /* SidebarView.swift */,
				08E2EBA5EFDEE6888B84E10B /* ContactListView.swift */,
				2A7B150B6DB35B8EF10D2135 /* AvatarView.swift */,
				73D22E8B17D14280F44AB0B2 /* ContactDetailView.swift */,
				54C373BD237429970D6A7C86 /* DuplicatesView.swift */,
				734D363DD0CB0BAA7AE9460B /* LayoutMetrics.swift */,
				F9795992CBF553603FD37928 /* SettingsView.swift */,
				66F852CE2356ADE83460064B /* ContentView+Import.swift */,
				7B17AADA860AEDB87017DF0B /* ContactWindowView.swift */,
				05CB65D95AFA14C691F0D8C4 /* ContactDetailView+Photo.swift */,
			);
			path = Views;
			sourceTree = "<group>";
		};
		DED8177E13A452A900EC3234 = {
			isa = PBXGroup;
			children = (
				DED8179313A452AA00EC3234 /* ContactManager */,
				DED817AE13A452AA00EC3234 /* ContactManagerTests */,
				DED8178A13A452A900EC3234 /* Products */,
				0F8F43AF5330EC59928A8C2E /* ContactManagerUITests */,
			);
			sourceTree = "<group>";
		};
		DED8178A13A452A900EC3234 /* Products */ = {
			isa = PBXGroup;
			children = (
				DED8178913A452A900EC3234 /* ContactManager.app */,
				DED817AA13A452AA00EC3234 /* ContactManagerTests.xctest */,
				10E7338673D65A6FAB4F9AF3 /* ContactManagerUITests.xctest */,
			);
			name = Products;
			sourceTree = "<group>";
		};
		DED8179313A452AA00EC3234 /* ContactManager */ = {
			isa = PBXGroup;
			children = (
				05B7EB62632E82EC1D048F88 /* App */,
				DEFCA6D0259AAB8000DB0749 /* Config */,
				DEAB729518FA2A6600E3570B /* Images.xcassets */,
				1A7FF215BB060EF1483FD33C /* Models */,
				A34742F5CC5340B2EE610BF4 /* Support */,
				C876089F42640D0818FE333F /* Views */,
				C80F354FEBD80D33AEC2F590 /* Intents */,
				10E14CB9E9A2442DFE7B0E0B /* ContactManager.entitlements */,
			);
			path = ContactManager;
			sourceTree = "<group>";
		};
		DED817AE13A452AA00EC3234 /* ContactManagerTests */ = {
			isa = PBXGroup;
			children = (
				B75D02267D3BC6C014143329 /* ContactModelTests.swift */,
				5588D3AA3B4B31F1094D954F /* ImageProcessingTests.swift */,
				7E7D5B554122CF852B0D825C /* VCardTests.swift */,
				03763AB80D45F026EC585490 /* ContactStoreTests.swift */,
				3628F70C39D4CE2FAA596291 /* DuplicateFinderTests.swift */,
				C7DCAF444714BC3726B212C4 /* UndoTests.swift */,
				7D8EC17CBADAAAFFF77E9FDF /* ContactsBridgeTests.swift */,
				F9F733D535CFC76FA07FB61E /* VCardTransferTests.swift */,
				93C12246003379D5966F0210 /* ContactEntityTests.swift */,
				BCAA25CCEE01127AA64D21D6 /* CSVTests.swift */,
				604FB090CB5671DB6927238C /* SpotlightDeltaTests.swift */,
				6EE79F02FFFD9820269D3725 /* ContactLinkTests.swift */,
				964ACD67CC8CB35694497A10 /* GroupDropTests.swift */,
			);
			path = ContactManagerTests;
			sourceTree = "<group>";
		};
		DEFCA6D0259AAB8000DB0749 /* Config */ = {
			isa = PBXGroup;
			children = (
				DEFCA6D1259AAB9C00DB0749 /* SharedSettings.xcconfig */,
			);
			path = Config;
			sourceTree = "<group>";
		};
/* End PBXGroup section */

/* Begin PBXNativeTarget section */
		BD0B92C23BB6B52557F89A2A /* ContactManagerUITests */ = {
			isa = PBXNativeTarget;
			buildConfigurationList = A1051C83E263B7682686837E /* Build configuration list for PBXNativeTarget "ContactManagerUITests" */;
			buildPhases = (
				F547A80EB3E3F5308DD78C28 /* Sources */,
				A6171048721FCC80BE53595F /* Frameworks */,
				9F1CC48B6F01D7E92F8CB1F7 /* Resources */,
			);
			buildRules = (
			);
			dependencies = (
				C7AD8DBB8597ADA8372A32EB /* PBXTargetDependency */,
			);
			name = ContactManagerUITests;
			productName = ContactManagerUITests;
			productReference = 10E7338673D65A6FAB4F9AF3 /* ContactManagerUITests.xctest */;
			productType = "com.apple.product-type.bundle.ui-testing";
		};
		DED8178813A452A900EC3234 /* ContactManager */ = {
			isa = PBXNativeTarget;
			buildConfigurationList = DED817BB13A452AA00EC3234 /* Build configuration list for PBXNativeTarget "ContactManager" */;
			buildPhases = (
				DED8178513A452A900EC3234 /* Sources */,
				DED8178613A452A900EC3234 /* Frameworks */,
				DED8178713A452A900EC3234 /* Resources */,
			);
			buildRules = (
			);
			dependencies = (
			);
			name = ContactManager;
			productName = ContactManager;
			productReference = DED8178913A452A900EC3234 /* ContactManager.app */;
			productType = "com.apple.product-type.application";
		};
		DED817A913A452AA00EC3234 /* ContactManagerTests */ = {
			isa = PBXNativeTarget;
			buildConfigurationList = DED817BE13A452AA00EC3234 /* Build configuration list for PBXNativeTarget "ContactManagerTests" */;
			buildPhases = (
				DED817A513A452AA00EC3234 /* Sources */,
				DED817A613A452AA00EC3234 /* Frameworks */,
				DED817A713A452AA00EC3234 /* Resources */,
			);
			buildRules = (
			);
			dependencies = (
				DED817AD13A452AA00EC3234 /* PBXTargetDependency */,
			);
			name = ContactManagerTests;
			productName = ContactManagerTests;
			productReference = DED817AA13A452AA00EC3234 /* ContactManagerTests.xctest */;
			productType = "com.apple.product-type.bundle.unit-test";
		};
/* End PBXNativeTarget section */

/* Begin PBXProject section */
		DED8178013A452A900EC3234 /* Project object */ = {
			isa = PBXProject;
			attributes = {
				BuildIndependentTargetsInParallel = YES;
				LastUpgradeCheck = 2650;
				ORGANIZATIONNAME = "Scott Densmore";
			};
			buildConfigurationList = DED8178313A452A900EC3234 /* Build configuration list for PBXProject "ContactManager" */;
			compatibilityVersion = "Xcode 11.0";
			developmentRegion = en;
			hasScannedForEncodings = 0;
			knownRegions = (
				en,
				Base,
			);
			mainGroup = DED8177E13A452A900EC3234;
			productRefGroup = DED8178A13A452A900EC3234 /* Products */;
			projectDirPath = "";
			projectRoot = "";
			targets = (
				DED8178813A452A900EC3234 /* ContactManager */,
				DED817A913A452AA00EC3234 /* ContactManagerTests */,
				BD0B92C23BB6B52557F89A2A /* ContactManagerUITests */,
			);
		};
/* End PBXProject section */

/* Begin PBXResourcesBuildPhase section */
		9F1CC48B6F01D7E92F8CB1F7 /* Resources */ = {
			isa = PBXResourcesBuildPhase;
			buildActionMask = 2147483647;
			files = (
			);
			runOnlyForDeploymentPostprocessing = 0;
		};
		DED8178713A452A900EC3234 /* Resources */ = {
			isa = PBXResourcesBuildPhase;
			buildActionMask = 2147483647;
			files = (
				7F3D3F509379FD171AEC3606 /* Images.xcassets in Resources */,
			);
			runOnlyForDeploymentPostprocessing = 0;
		};
		DED817A713A452AA00EC3234 /* Resources */ = {
			isa = PBXResourcesBuildPhase;
			buildActionMask = 2147483647;
			files = (
			);
			runOnlyForDeploymentPostprocessing = 0;
		};
/* End PBXResourcesBuildPhase section */

/* Begin PBXSourcesBuildPhase section */
		DED8178513A452A900EC3234 /* Sources */ = {
			isa = PBXSourcesBuildPhase;
			buildActionMask = 2147483647;
			files = (
				FA702A2E92FAC86D4587641B /* ContactManagerApp.swift in Sources */,
				14E0C9EBEF8212F3F9B2777D /* Contact.swift in Sources */,
				6BF479700A4101F1353CBF78 /* ContactQuery.swift in Sources */,
				E5EB465B5CE3964197D29ADF /* SampleData.swift in Sources */,
				6DDC44CAA558E1DB276460CF /* ContentView.swift in Sources */,
				C2A11D686722C70868435ACE /* SidebarView.swift in Sources */,
				4EC36757044377406665E53B /* ContactListView.swift in Sources */,
				465C6AF22F5A45925B879752 /* AvatarView.swift in Sources */,
				15AD8E34CC4EF4BC81F8A159 /* ContactDetailView.swift in Sources */,
				23BF1F338E4C813308B5DEE2 /* ContactField.swift in Sources */,
				02D950C10327393FB2B5BB7E /* ImageProcessing.swift in Sources */,
				A94AB327927F2F1FBBD81119 /* ContactGroup.swift in Sources */,
				97E98BCB6784672DCB8C1625 /* VCard.swift in Sources */,
				61F22EEDEE6075BD602203D5 /* VCardDocument.swift in Sources */,
				134F890B4875E8BF294A92B2 /* ContactStore.swift in Sources */,
				827CF451F0B38B89C4469595 /* DuplicateFinder.swift in Sources */,
				81F488BB8E6D53268C607C68 /* DuplicatesView.swift in Sources */,
				2B9D4C628CAAECD10F00F5E2 /* LayoutMetrics.swift in Sources */,
				B1393B1344A7D64B52C4B3D4 /* SettingsView.swift in Sources */,
				4515C79B40C414630F64BC5D /* PersistentIdentifierEncoding.swift in Sources */,
				CE55AD882E6631A9541B6106 /* ContactsBridge.swift in Sources */,
				2EB13805320DA225F70D08F3 /* VCardTransfer.swift in Sources */,
				ABE65AD0BD5B666CD7272802 /* EntityModelContainer.swift in Sources */,
				A486AAFFBF01C05775A7BB38 /* ContactEntity.swift in Sources */,
				CFFC58E9EA162230275F2301 /* ContactEntityQuery.swift in Sources */,
				CD70772ECD6A854C66159FFD /* OpenContactIntent.swift in Sources */,
				BBD79E7FD90E021417B527A9 /* FindContactIntent.swift in Sources */,
				CEAC8F942C862FADB6C45220 /* SpotlightIndexer.swift in Sources */,
				AC7E1126C65C59B15141CB79 /* ContentView+Import.swift in Sources */,
				7CD9C3EBF737E415B2561168 /* CSV.swift in Sources */,
				64A0899508308C671981B72F /* ContactWindowView.swift in Sources */,
				8108F2C0C987CDC1258A3E7C /* ContactLink.swift in Sources */,
				322103E6FBEAD59C6A2405E6 /* Birthday.swift in Sources */,
				552E226D873AE11781A7F97A /* ContactDetailView+Photo.swift in Sources */,
			);
			runOnlyForDeploymentPostprocessing = 0;
		};
		DED817A513A452AA00EC3234 /* Sources */ = {
			isa = PBXSourcesBuildPhase;
			buildActionMask = 2147483647;
			files = (
				14C13B18A26BC44F834915C1 /* ContactModelTests.swift in Sources */,
				9506DFC07D9490AEDFB096EC /* ImageProcessingTests.swift in Sources */,
				7755029B0E36200BB139ECFA /* VCardTests.swift in Sources */,
				0ABBB9962C4AC14A077728FF /* ContactStoreTests.swift in Sources */,
				FA63688E94483238D7C29FE9 /* DuplicateFinderTests.swift in Sources */,
				ECB7FDD8D0C3091EA0D42917 /* UndoTests.swift in Sources */,
				3076738411F8C3FA073D1BE0 /* ContactsBridgeTests.swift in Sources */,
				1BE87CA3661CF6390FF9EEC4 /* VCardTransferTests.swift in Sources */,
				63274FB1580421240D8EB57B /* ContactEntityTests.swift in Sources */,
				623A5F4AE958EAD5C2757F83 /* CSVTests.swift in Sources */,
				52F4C28719253736244342F9 /* SpotlightDeltaTests.swift in Sources */,
				21EF2DF533DFA347DCF69BD0 /* ContactLinkTests.swift in Sources */,
				4F1E1A097740ECE3D42E55B8 /* GroupDropTests.swift in Sources */,
			);
			runOnlyForDeploymentPostprocessing = 0;
		};
		F547A80EB3E3F5308DD78C28 /* Sources */ = {
			isa = PBXSourcesBuildPhase;
			buildActionMask = 2147483647;
			files = (
				8C6AC6410FA2258ADB2BF640 /* ContactManagerUITests.swift in Sources */,
			);
			runOnlyForDeploymentPostprocessing = 0;
		};
/* End PBXSourcesBuildPhase section */

/* Begin PBXTargetDependency section */
		C7AD8DBB8597ADA8372A32EB /* PBXTargetDependency */ = {
			isa = PBXTargetDependency;
			name = ContactManager;
			target = DED8178813A452A900EC3234 /* ContactManager */;
			targetProxy = AFC90216FA5DF15004827B67 /* PBXContainerItemProxy */;
		};
		DED817AD13A452AA00EC3234 /* PBXTargetDependency */ = {
			isa = PBXTargetDependency;
			target = DED8178813A452A900EC3234 /* ContactManager */;
			targetProxy = DED817AC13A452AA00EC3234 /* PBXContainerItemProxy */;
		};
/* End PBXTargetDependency section */

/* Begin XCBuildConfiguration section */
		114D94D0AECDFAF4D0A9B813 /* Debug */ = {
			isa = XCBuildConfiguration;
			buildSettings = {
				CODE_SIGN_STYLE = Automatic;
				CURRENT_PROJECT_VERSION = 1;
				DEVELOPMENT_TEAM = "";
				GENERATE_INFOPLIST_FILE = YES;
				MACOSX_DEPLOYMENT_TARGET = 26.0;
				MARKETING_VERSION = 1.0;
				PRODUCT_BUNDLE_IDENTIFIER = com.scottdensmore.ContactManagerUITests;
				PRODUCT_MODULE_NAME = ContactManagerUITests;
				PRODUCT_NAME = ContactManagerUITests;
				SDKROOT = macosx;
				SUPPORTED_PLATFORMS = macosx;
				SWIFT_EMIT_LOC_STRINGS = NO;
				SWIFT_VERSION = 5.0;
				TEST_TARGET_NAME = ContactManager;
			};
			name = Debug;
		};
		62D92F19E755AE029CEB2AC1 /* Release */ = {
			isa = XCBuildConfiguration;
			buildSettings = {
				CODE_SIGN_STYLE = Automatic;
				CURRENT_PROJECT_VERSION = 1;
				DEVELOPMENT_TEAM = "";
				GENERATE_INFOPLIST_FILE = YES;
				MACOSX_DEPLOYMENT_TARGET = 26.0;
				MARKETING_VERSION = 1.0;
				PRODUCT_BUNDLE_IDENTIFIER = com.scottdensmore.ContactManagerUITests;
				PRODUCT_MODULE_NAME = ContactManagerUITests;
				PRODUCT_NAME = ContactManagerUITests;
				SDKROOT = macosx;
				SUPPORTED_PLATFORMS = macosx;
				SWIFT_EMIT_LOC_STRINGS = NO;
				SWIFT_VERSION = 5.0;
				TEST_TARGET_NAME = ContactManager;
			};
			name = Release;
		};
		DED817B913A452AA00EC3234 /* Debug */ = {
			isa = XCBuildConfiguration;
			buildSettings = {
				ALWAYS_SEARCH_USER_PATHS = NO;
				CLANG_ANALYZER_LOCALIZABILITY_NONLOCALIZED = YES;
				CLANG_ENABLE_OBJC_MODULES = YES;
				CLANG_WARN_BLOCK_CAPTURE_AUTORELEASING = YES;
				CLANG_WARN_BOOL_CONVERSION = YES;
				CLANG_WARN_COMMA = YES;
				CLANG_WARN_CONSTANT_CONVERSION = YES;
				CLANG_WARN_DEPRECATED_OBJC_IMPLEMENTATIONS = YES;
				CLANG_WARN_EMPTY_BODY = YES;
				CLANG_WARN_ENUM_CONVERSION = YES;
				CLANG_WARN_INFINITE_RECURSION = YES;
				CLANG_WARN_INT_CONVERSION = YES;
				CLANG_WARN_NON_LITERAL_NULL_CONVERSION = YES;
				CLANG_WARN_OBJC_IMPLICIT_RETAIN_SELF = YES;
				CLANG_WARN_OBJC_LITERAL_CONVERSION = YES;
				CLANG_WARN_QUOTED_INCLUDE_IN_FRAMEWORK_HEADER = YES;
				CLANG_WARN_RANGE_LOOP_ANALYSIS = YES;
				CLANG_WARN_STRICT_PROTOTYPES = YES;
				CLANG_WARN_SUSPICIOUS_MOVE = YES;
				CLANG_WARN_UNREACHABLE_CODE = YES;
				CLANG_WARN__DUPLICATE_METHOD_MATCH = YES;
				DEAD_CODE_STRIPPING = YES;
				ENABLE_STRICT_OBJC_MSGSEND = YES;
				ENABLE_TESTABILITY = YES;
				ENABLE_USER_SCRIPT_SANDBOXING = YES;
				GCC_C_LANGUAGE_STANDARD = gnu99;
				GCC_GENERATE_TEST_COVERAGE_FILES = NO;
				GCC_INSTRUMENT_PROGRAM_FLOW_ARCS = NO;
				GCC_NO_COMMON_BLOCKS = YES;
				GCC_OPTIMIZATION_LEVEL = 0;
				GCC_PREPROCESSOR_DEFINITIONS = DEBUG;
				GCC_SYMBOLS_PRIVATE_EXTERN = NO;
				GCC_VERSION = com.apple.compilers.llvm.clang.1_0;
				GCC_WARN_64_TO_32_BIT_CONVERSION = YES;
				GCC_WARN_ABOUT_RETURN_TYPE = YES;
				GCC_WARN_UNDECLARED_SELECTOR = YES;
				GCC_WARN_UNINITIALIZED_AUTOS = YES;
				GCC_WARN_UNUSED_FUNCTION = YES;
				GCC_WARN_UNUSED_VARIABLE = YES;
				MACOSX_DEPLOYMENT_TARGET = 26.0;
				ONLY_ACTIVE_ARCH = YES;
				SDKROOT = macosx;
				STRING_CATALOG_GENERATE_SYMBOLS = YES;
				SWIFT_OPTIMIZATION_LEVEL = "-Onone";
			};
			name = Debug;
		};
		DED817BA13A452AA00EC3234 /* Release */ = {
			isa = XCBuildConfiguration;
			buildSettings = {
				ALWAYS_SEARCH_USER_PATHS = NO;
				CLANG_ANALYZER_LOCALIZABILITY_NONLOCALIZED = YES;
				CLANG_ENABLE_OBJC_MODULES = YES;
				CLANG_WARN_BLOCK_CAPTURE_AUTORELEASING = YES;
				CLANG_WARN_BOOL_CONVERSION = YES;
				CLANG_WARN_COMMA = YES;
				CLANG_WARN_CONSTANT_CONVERSION = YES;
				CLANG_WARN_DEPRECATED_OBJC_IMPLEMENTATIONS = YES;
				CLANG_WARN_EMPTY_BODY = YES;
				CLANG_WARN_ENUM_CONVERSION = YES;
				CLANG_WARN_INFINITE_RECURSION = YES;
				CLANG_WARN_INT_CONVERSION = YES;
				CLANG_WARN_NON_LITERAL_NULL_CONVERSION = YES;
				CLANG_WARN_OBJC_IMPLICIT_RETAIN_SELF = YES;
				CLANG_WARN_OBJC_LITERAL_CONVERSION = YES;
				CLANG_WARN_QUOTED_INCLUDE_IN_FRAMEWORK_HEADER = YES;
				CLANG_WARN_RANGE_LOOP_ANALYSIS = YES;
				CLANG_WARN_STRICT_PROTOTYPES = YES;
				CLANG_WARN_SUSPICIOUS_MOVE = YES;
				CLANG_WARN_UNREACHABLE_CODE = YES;
				CLANG_WARN__DUPLICATE_METHOD_MATCH = YES;
				DEAD_CODE_STRIPPING = YES;
				ENABLE_STRICT_OBJC_MSGSEND = YES;
				ENABLE_USER_SCRIPT_SANDBOXING = YES;
				GCC_C_LANGUAGE_STANDARD = gnu99;
				GCC_NO_COMMON_BLOCKS = YES;
				GCC_VERSION = com.apple.compilers.llvm.clang.1_0;
				GCC_WARN_64_TO_32_BIT_CONVERSION = YES;
				GCC_WARN_ABOUT_RETURN_TYPE = YES;
				GCC_WARN_UNDECLARED_SELECTOR = YES;
				GCC_WARN_UNINITIALIZED_AUTOS = YES;
				GCC_WARN_UNUSED_FUNCTION = YES;
				GCC_WARN_UNUSED_VARIABLE = YES;
				MACOSX_DEPLOYMENT_TARGET = 26.0;
				SDKROOT = macosx;
				STRING_CATALOG_GENERATE_SYMBOLS = YES;
				SWIFT_COMPILATION_MODE = wholemodule;
				SWIFT_OPTIMIZATION_LEVEL = "-O";
			};
			name = Release;
		};
		DED817BC13A452AA00EC3234 /* Debug */ = {
			isa = XCBuildConfiguration;
			baseConfigurationReference = DEFCA6D1259AAB9C00DB0749 /* SharedSettings.xcconfig */;
			buildSettings = {
				ALWAYS_SEARCH_USER_PATHS = NO;
				ASSETCATALOG_COMPILER_APPICON_NAME = AppIcon;
				CLANG_ENABLE_OBJC_ARC = YES;
				CODE_SIGN_ENTITLEMENTS = ContactManager/ContactManager.entitlements;
				COMBINE_HIDPI_IMAGES = YES;
				COPY_PHASE_STRIP = NO;
				DEAD_CODE_STRIPPING = YES;
				ENABLE_APP_SANDBOX = YES;
				ENABLE_HARDENED_RUNTIME = YES;
				GCC_DYNAMIC_NO_PIC = NO;
				GCC_ENABLE_OBJC_EXCEPTIONS = YES;
				GCC_GENERATE_TEST_COVERAGE_FILES = YES;
				GCC_INSTRUMENT_PROGRAM_FLOW_ARCS = YES;
				GCC_PREPROCESSOR_DEFINITIONS = "DEBUG=1";
				GENERATE_INFOPLIST_FILE = YES;
				INFOPLIST_KEY_LSApplicationCategoryType = "public.app-category.productivity";
				INFOPLIST_KEY_NSContactsUsageDescription = "ContactManager imports contacts from your system Contacts when you choose Import from Contacts…";
				INFOPLIST_KEY_NSHumanReadableCopyright = "Copyright © 2026 Scott Densmore. All rights reserved.";
				LD_RUNPATH_SEARCH_PATHS = (
					"$(inherited)",
					"@executable_path/../Frameworks",
				);
				MACOSX_DEPLOYMENT_TARGET = 26.0;
				MARKETING_VERSION = 2.0;
				OTHER_LDFLAGS = "";
				PRODUCT_BUNDLE_IDENTIFIER = "$(ORGANIZATION_IDENTIFIER).${PRODUCT_NAME:rfc1034identifier}";
				PRODUCT_NAME = "$(TARGET_NAME)";
				PROVISIONING_PROFILE_SPECIFIER = "";
				RUN_CLANG_STATIC_ANALYZER = YES;
				SWIFT_EMIT_LOC_STRINGS = YES;
				SWIFT_VERSION = 5.0;
				WRAPPER_EXTENSION = app;
			};
			name = Debug;
		};
		DED817BD13A452AA00EC3234 /* Release */ = {
			isa = XCBuildConfiguration;
			baseConfigurationReference = DEFCA6D1259AAB9C00DB0749 /* SharedSettings.xcconfig */;
			buildSettings = {
				ALWAYS_SEARCH_USER_PATHS = NO;
				ASSETCATALOG_COMPILER_APPICON_NAME = AppIcon;
				CLANG_ENABLE_OBJC_ARC = YES;
				CODE_SIGN_ENTITLEMENTS = ContactManager/ContactManager.entitlements;
				COMBINE_HIDPI_IMAGES = YES;
				COPY_PHASE_STRIP = YES;
				DEAD_CODE_STRIPPING = YES;
				DEBUG_INFORMATION_FORMAT = "dwarf-with-dsym";
				ENABLE_APP_SANDBOX = YES;
				ENABLE_HARDENED_RUNTIME = YES;
				GCC_ENABLE_OBJC_EXCEPTIONS = YES;
				GCC_GENERATE_TEST_COVERAGE_FILES = NO;
				GCC_INSTRUMENT_PROGRAM_FLOW_ARCS = NO;
				GENERATE_INFOPLIST_FILE = YES;
				INFOPLIST_KEY_LSApplicationCategoryType = "public.app-category.productivity";
				INFOPLIST_KEY_NSContactsUsageDescription = "ContactManager imports contacts from your system Contacts when you choose Import from Contacts…";
				INFOPLIST_KEY_NSHumanReadableCopyright = "Copyright © 2026 Scott Densmore. All rights reserved.";
				LD_RUNPATH_SEARCH_PATHS = (
					"$(inherited)",
					"@executable_path/../Frameworks",
				);
				MACOSX_DEPLOYMENT_TARGET = 26.0;
				MARKETING_VERSION = 2.0;
				OTHER_LDFLAGS = "";
				PRODUCT_BUNDLE_IDENTIFIER = "$(ORGANIZATION_IDENTIFIER).${PRODUCT_NAME:rfc1034identifier}";
				PRODUCT_NAME = "$(TARGET_NAME)";
				PROVISIONING_PROFILE_SPECIFIER = "";
				RUN_CLANG_STATIC_ANALYZER = YES;
				SWIFT_EMIT_LOC_STRINGS = YES;
				SWIFT_VERSION = 5.0;
				WRAPPER_EXTENSION = app;
			};
			name = Release;
		};
		DED817BF13A452AA00EC3234 /* Debug */ = {
			isa = XCBuildConfiguration;
			baseConfigurationReference = DEFCA6D1259AAB9C00DB0749 /* SharedSettings.xcconfig */;
			buildSettings = {
				BUNDLE_LOADER = "$(BUILT_PRODUCTS_DIR)/ContactManager.app/Contents/MacOS/ContactManager";
				CLANG_ENABLE_OBJC_ARC = YES;
				COMBINE_HIDPI_IMAGES = YES;
				COPY_PHASE_STRIP = NO;
				DEAD_CODE_STRIPPING = YES;
				FRAMEWORK_SEARCH_PATHS = "$(inherited)";
				GCC_DYNAMIC_NO_PIC = NO;
				GCC_ENABLE_OBJC_EXCEPTIONS = YES;
				GCC_PREPROCESSOR_DEFINITIONS = "DEBUG=1";
				GENERATE_INFOPLIST_FILE = YES;
				LD_RUNPATH_SEARCH_PATHS = (
					"$(inherited)",
					"@executable_path/../Frameworks",
					"@loader_path/../Frameworks",
				);
				LIBRARY_SEARCH_PATHS = "";
				MACOSX_DEPLOYMENT_TARGET = 26.0;
				PRODUCT_BUNDLE_IDENTIFIER = "$(ORGANIZATION_IDENTIFIER).${PRODUCT_NAME:rfc1034identifier}";
				PRODUCT_NAME = "$(TARGET_NAME)";
				RUN_CLANG_STATIC_ANALYZER = YES;
				SWIFT_VERSION = 5.0;
				TEST_HOST = "$(BUNDLE_LOADER)";
			};
			name = Debug;
		};
		DED817C013A452AA00EC3234 /* Release */ = {
			isa = XCBuildConfiguration;
			baseConfigurationReference = DEFCA6D1259AAB9C00DB0749 /* SharedSettings.xcconfig */;
			buildSettings = {
				BUNDLE_LOADER = "$(BUILT_PRODUCTS_DIR)/ContactManager.app/Contents/MacOS/ContactManager";
				CLANG_ENABLE_OBJC_ARC = YES;
				COMBINE_HIDPI_IMAGES = YES;
				COPY_PHASE_STRIP = YES;
				DEAD_CODE_STRIPPING = YES;
				DEBUG_INFORMATION_FORMAT = "dwarf-with-dsym";
				FRAMEWORK_SEARCH_PATHS = "$(inherited)";
				GCC_ENABLE_OBJC_EXCEPTIONS = YES;
				GENERATE_INFOPLIST_FILE = YES;
				LD_RUNPATH_SEARCH_PATHS = (
					"$(inherited)",
					"@executable_path/../Frameworks",
					"@loader_path/../Frameworks",
				);
				LIBRARY_SEARCH_PATHS = "";
				MACOSX_DEPLOYMENT_TARGET = 26.0;
				PRODUCT_BUNDLE_IDENTIFIER = "$(ORGANIZATION_IDENTIFIER).${PRODUCT_NAME:rfc1034identifier}";
				PRODUCT_NAME = "$(TARGET_NAME)";
				RUN_CLANG_STATIC_ANALYZER = YES;
				SWIFT_VERSION = 5.0;
				TEST_HOST = "$(BUNDLE_LOADER)";
			};
			name = Release;
		};
/* End XCBuildConfiguration section */

/* Begin XCConfigurationList section */
		A1051C83E263B7682686837E /* Build configuration list for PBXNativeTarget "ContactManagerUITests" */ = {
			isa = XCConfigurationList;
			buildConfigurations = (
				62D92F19E755AE029CEB2AC1 /* Release */,
				114D94D0AECDFAF4D0A9B813 /* Debug */,
			);
			defaultConfigurationIsVisible = 0;
			defaultConfigurationName = Release;
		};
		DED8178313A452A900EC3234 /* Build configuration list for PBXProject "ContactManager" */ = {
			isa = XCConfigurationList;
			buildConfigurations = (
				DED817B913A452AA00EC3234 /* Debug */,
				DED817BA13A452AA00EC3234 /* Release */,
			);
			defaultConfigurationIsVisible = 0;
			defaultConfigurationName = Release;
		};
		DED817BB13A452AA00EC3234 /* Build configuration list for PBXNativeTarget "ContactManager" */ = {
			isa = XCConfigurationList;
			buildConfigurations = (
				DED817BC13A452AA00EC3234 /* Debug */,
				DED817BD13A452AA00EC3234 /* Release */,
			);
			defaultConfigurationIsVisible = 0;
			defaultConfigurationName = Release;
		};
		DED817BE13A452AA00EC3234 /* Build configuration list for PBXNativeTarget "ContactManagerTests" */ = {
			isa = XCConfigurationList;
			buildConfigurations = (
				DED817BF13A452AA00EC3234 /* Debug */,
				DED817C013A452AA00EC3234 /* Release */,
			);
			defaultConfigurationIsVisible = 0;
			defaultConfigurationName = Release;
		};
/* End XCConfigurationList section */
	};
	rootObject = DED8178013A452A900EC3234 /* Project object */;
}
