<?xml version="1.0" encoding="UTF-8"?>
<Scheme
   version = "1.3">
   <BuildAction
      parallelizeBuildables = "YES"
      buildImplicitDependencies = "YES">
      <BuildActionEntries>
         <BuildActionEntry
            buildForTesting = "YES"
            buildForRunning = "YES"
            buildForProfiling = "YES"
            buildForArchiving = "YES"
            buildForAnalyzing = "YES">
            <BuildableReference
               BuildableIdentifier = "primary"
               BlueprintIdentifier = "DED8178813A452A900EC3234"
               BuildableName = "ContactManager.app"
               BlueprintName = "ContactManager"
               ReferencedContainer = "container:ContactManager.xcodeproj">
            </BuildableReference>
         </BuildActionEntry>
      </BuildActionEntries>
   </BuildAction>
   <TestAction
      selectedDebuggerIdentifier = "Xcode.DebuggerFoundation.Debugger.GDB"
      selectedLauncherIdentifier = "Xcode.DebuggerFoundation.Launcher.GDB"
      shouldUseLaunchSchemeArgsEnv = "YES"
      buildConfiguration = "Coverage">
      <PostActions>
         <ExecutionAction
            ActionType = "Xcode.IDEStandardExecutionActionsCore.ExecutionActionType.ShellScriptAction">
            <ActionContent
               title = "Run Script"
               scriptText = "# Run gcov on the framework getting tested, generate HTML report&#10;if [ &quot;${CONFIGURATION}&quot; = &apos;Coverage&apos; ]; then&#10;    FRAMEWORK_NAME=ContactManager&#10;    FRAMEWORK_TARGET=ContactManager&#10;    FRAMEWORK_OBJ_DIR=${OBJROOT}/${FRAMEWORK_NAME}.build/${CONFIGURATION}/${FRAMEWORK_TARGET}.build/Objects-normal/${CURRENT_ARCH}&#10;&#10;    #rm -rf coverage &#10;    mkdir -p coverage&#10;    cd coverage&#10;    ../tools/lcov/geninfo &quot;${FRAMEWORK_OBJ_DIR}&quot; --gcov-tool /usr/bin/gcov&#10;    ../tools/lcov/genhtml &quot;${FRAMEWORK_OBJ_DIR}&quot;/*.info \&#10;        --title CotactManager --num-spaces 4 --css-file ../tools/lcov/styles.css --prefix &quot;{PROJECT_DIR}&quot; --legend --no-function&#10;&#10;fi">
            </ActionContent>
         </ExecutionAction>
      </PostActions>
      <Testables>
         <TestableReference
            skipped = "NO">
            <BuildableReference
               BuildableIdentifier = "primary"
               BlueprintIdentifier = "DED817A913A452AA00EC3234"
               BuildableName = "ContactManagerTests.octest"
               BlueprintName = "ContactManagerTests"
               ReferencedContainer = "container:ContactManager.xcodeproj">
            </BuildableReference>
         </TestableReference>
      </Testables>
   </TestAction>
   <LaunchAction
      selectedDebuggerIdentifier = "Xcode.DebuggerFoundation.Debugger.GDB"
      selectedLauncherIdentifier = "Xcode.DebuggerFoundation.Launcher.GDB"
      displayScaleIsEnabled = "NO"
      displayScale = "1.00"
      launchStyle = "0"
      useCustomWorkingDirectory = "NO"
      buildConfiguration = "Coverage">
      <BuildableProductRunnable>
         <BuildableReference
            BuildableIdentifier = "primary"
            BlueprintIdentifier = "DED8178813A452A900EC3234"
            BuildableName = "ContactManager.app"
            BlueprintName = "ContactManager"
            ReferencedContainer = "container:ContactManager.xcodeproj">
         </BuildableReference>
      </BuildableProductRunnable>
      <AdditionalOptions>
      </AdditionalOptions>
   </LaunchAction>
   <ProfileAction
      displayScaleIsEnabled = "NO"
      displayScale = "1.00"
      shouldUseLaunchSchemeArgsEnv = "YES"
      savedToolIdentifier = ""
      useCustomWorkingDirectory = "NO"
      buildConfiguration = "Release">
      <BuildableProductRunnable>
         <BuildableReference
            BuildableIdentifier = "primary"
            BlueprintIdentifier = "DED8178813A452A900EC3234"
            BuildableName = "ContactManager.app"
            BlueprintName = "ContactManager"
            ReferencedContainer = "container:ContactManager.xcodeproj">
         </BuildableReference>
      </BuildableProductRunnable>
   </ProfileAction>
   <AnalyzeAction
      buildConfiguration = "Debug">
   </AnalyzeAction>
   <ArchiveAction
      buildConfiguration = "Release"
      revealArchiveInOrganizer = "YES">
   </ArchiveAction>
</Scheme>
